// !$*UTF8*$!
{
	archiveVersion = 1;
	classes = {
	};
	objectVersion = 51;
	objects = {

/* Begin PBXBuildFile section */
		3D0FB2DD2555E3E8005006D9 /* Coredata.swift in Sources */ = {isa = PBXBuildFile; fileRef = 3D0FB2DC2555E3E8005006D9 /* Coredata.swift */; };
		3D0FB2DF2555E47B005006D9 /* extensionStorageManager.swift in Sources */ = {isa = PBXBuildFile; fileRef = 3D0FB2DE2555E47B005006D9 /* extensionStorageManager.swift */; };
		3D1545BE254C26A500F6BBA2 /* StorageManager.swift in Sources */ = {isa = PBXBuildFile; fileRef = 3D1545BD254C26A500F6BBA2 /* StorageManager.swift */; };
		3D1546B3254C5ACE00F6BBA2 /* Database.swift in Sources */ = {isa = PBXBuildFile; fileRef = 3D1546B2254C5ACE00F6BBA2 /* Database.swift */; };
		3D1546B8254C5AFF00F6BBA2 /* ExtensionDatabase.swift in Sources */ = {isa = PBXBuildFile; fileRef = 3D1546B7254C5AFF00F6BBA2 /* ExtensionDatabase.swift */; };
		3D1546BE254C5B6200F6BBA2 /* Info.swift in Sources */ = {isa = PBXBuildFile; fileRef = 3D1546BD254C5B6200F6BBA2 /* Info.swift */; };
		3D1546C6254C5B8C00F6BBA2 /* ExtensionInfo.swift in Sources */ = {isa = PBXBuildFile; fileRef = 3D1546C5254C5B8C00F6BBA2 /* ExtensionInfo.swift */; };
		3D1546CC254C5C2600F6BBA2 /* Results.swift in Sources */ = {isa = PBXBuildFile; fileRef = 3D1546CB254C5C2600F6BBA2 /* Results.swift */; };
		3D1546D1254C5C4D00F6BBA2 /* ExtensionResult.swift in Sources */ = {isa = PBXBuildFile; fileRef = 3D1546D0254C5C4D00F6BBA2 /* ExtensionResult.swift */; };
		3D1546D7254C5CBC00F6BBA2 /* Dob.swift in Sources */ = {isa = PBXBuildFile; fileRef = 3D1546D6254C5CBC00F6BBA2 /* Dob.swift */; };
		3D1546DF254C5CDE00F6BBA2 /* ExtensionDob.swift in Sources */ = {isa = PBXBuildFile; fileRef = 3D1546DE254C5CDE00F6BBA2 /* ExtensionDob.swift */; };
		3D1546E5254C5D8600F6BBA2 /* ID.swift in Sources */ = {isa = PBXBuildFile; fileRef = 3D1546E4254C5D8600F6BBA2 /* ID.swift */; };
		3D1546ED254C5DA000F6BBA2 /* ExtensionID.swift in Sources */ = {isa = PBXBuildFile; fileRef = 3D1546EC254C5DA000F6BBA2 /* ExtensionID.swift */; };
		3D15471B254C603C00F6BBA2 /* Registered.swift in Sources */ = {isa = PBXBuildFile; fileRef = 3D15471A254C603C00F6BBA2 /* Registered.swift */; };
		3D154723254C607600F6BBA2 /* ExtensionRegistered.swift in Sources */ = {isa = PBXBuildFile; fileRef = 3D154722254C607600F6BBA2 /* ExtensionRegistered.swift */; };
		3D154729254C60FC00F6BBA2 /* Gender.swift in Sources */ = {isa = PBXBuildFile; fileRef = 3D154728254C60FC00F6BBA2 /* Gender.swift */; };
		3D154750254C672000F6BBA2 /* Location.swift in Sources */ = {isa = PBXBuildFile; fileRef = 3D15474F254C672000F6BBA2 /* Location.swift */; };
		3D154758254C674600F6BBA2 /* ExtensionLocation.swift in Sources */ = {isa = PBXBuildFile; fileRef = 3D154757254C674600F6BBA2 /* ExtensionLocation.swift */; };
		3D15475D254C67B400F6BBA2 /* Postcode.swift in Sources */ = {isa = PBXBuildFile; fileRef = 3D15475C254C67B400F6BBA2 /* Postcode.swift */; };
		3D15476C254C689E00F6BBA2 /* Coordinates.swift in Sources */ = {isa = PBXBuildFile; fileRef = 3D15476B254C689E00F6BBA2 /* Coordinates.swift */; };
		3D154772254C68CE00F6BBA2 /* ExtensionCoordinates.swift in Sources */ = {isa = PBXBuildFile; fileRef = 3D154771254C68CE00F6BBA2 /* ExtensionCoordinates.swift */; };
		3D15477B254C697100F6BBA2 /* Street.swift in Sources */ = {isa = PBXBuildFile; fileRef = 3D15477A254C697100F6BBA2 /* Street.swift */; };
		3D154780254C699100F6BBA2 /* ExtensionStreet.swift in Sources */ = {isa = PBXBuildFile; fileRef = 3D15477F254C699100F6BBA2 /* ExtensionStreet.swift */; };
		3D154786254C69E200F6BBA2 /* Timezone.swift in Sources */ = {isa = PBXBuildFile; fileRef = 3D154785254C69E200F6BBA2 /* Timezone.swift */; };
		3D15478E254C69FD00F6BBA2 /* ExtensionTimezone.swift in Sources */ = {isa = PBXBuildFile; fileRef = 3D15478D254C69FD00F6BBA2 /* ExtensionTimezone.swift */; };
		3D15479E254C6B9600F6BBA2 /* Login.swift in Sources */ = {isa = PBXBuildFile; fileRef = 3D15479D254C6B9600F6BBA2 /* Login.swift */; };
		3D1547A6254C6BB700F6BBA2 /* ExtensionLogin.swift in Sources */ = {isa = PBXBuildFile; fileRef = 3D1547A5254C6BB700F6BBA2 /* ExtensionLogin.swift */; };
		3D1547AC254C6C4500F6BBA2 /* Name.swift in Sources */ = {isa = PBXBuildFile; fileRef = 3D1547AB254C6C4500F6BBA2 /* Name.swift */; };
		3D1547B4254C6C7A00F6BBA2 /* ExtensionName.swift in Sources */ = {isa = PBXBuildFile; fileRef = 3D1547B3254C6C7A00F6BBA2 /* ExtensionName.swift */; };
		3D1547BA254C6C9D00F6BBA2 /* Picture.swift in Sources */ = {isa = PBXBuildFile; fileRef = 3D1547B9254C6C9D00F6BBA2 /* Picture.swift */; };
		3D1547C2254C6CDF00F6BBA2 /* ExtensionPicture.swift in Sources */ = {isa = PBXBuildFile; fileRef = 3D1547C1254C6CDF00F6BBA2 /* ExtensionPicture.swift */; };
		3D154890254CFBDD00F6BBA2 /* newJSONDecoder.swift in Sources */ = {isa = PBXBuildFile; fileRef = 3D15488F254CFBDD00F6BBA2 /* newJSONDecoder.swift */; };
		3D154895254CFBFF00F6BBA2 /* newJSONEncoder.swift in Sources */ = {isa = PBXBuildFile; fileRef = 3D154894254CFBFF00F6BBA2 /* newJSONEncoder.swift */; };
		3D2AE95525548E6900C08802 /* Helpers.swift in Sources */ = {isa = PBXBuildFile; fileRef = 3D2AE95425548E6900C08802 /* Helpers.swift */; };
		3D42CD17255AA06B00B6894C /* DateFormatter.swift in Sources */ = {isa = PBXBuildFile; fileRef = 3D42CD16255AA06B00B6894C /* DateFormatter.swift */; };
		3D42CD19255AC6D100B6894C /* contextMenuInteraction.swift in Sources */ = {isa = PBXBuildFile; fileRef = 3D42CD18255AC6D100B6894C /* contextMenuInteraction.swift */; };
		3D42CD1B255AC78100B6894C /* _timezoneSetup.swift in Sources */ = {isa = PBXBuildFile; fileRef = 3D42CD1A255AC78100B6894C /* _timezoneSetup.swift */; };
		3D42CD1D255AC7E500B6894C /* _genderSetup.swift in Sources */ = {isa = PBXBuildFile; fileRef = 3D42CD1C255AC7E500B6894C /* _genderSetup.swift */; };
		3D42CD1F255AC85600B6894C /* _nameSetup.swift in Sources */ = {isa = PBXBuildFile; fileRef = 3D42CD1E255AC85600B6894C /* _nameSetup.swift */; };
		3D42CD21255AC8D700B6894C /* _emailSetup.swift in Sources */ = {isa = PBXBuildFile; fileRef = 3D42CD20255AC8D700B6894C /* _emailSetup.swift */; };
		3D42CD23255AC97300B6894C /* _photoSetup.swift in Sources */ = {isa = PBXBuildFile; fileRef = 3D42CD22255AC97300B6894C /* _photoSetup.swift */; };
		3D42CD25255ACA0B00B6894C /* _ageSetup.swift in Sources */ = {isa = PBXBuildFile; fileRef = 3D42CD24255ACA0B00B6894C /* _ageSetup.swift */; };
		3D42CD27255ACAA900B6894C /* _locationSetup.swift in Sources */ = {isa = PBXBuildFile; fileRef = 3D42CD26255ACAA900B6894C /* _locationSetup.swift */; };
		3D42CD29255AE23900B6894C /* customCellcellForRowAt.swift in Sources */ = {isa = PBXBuildFile; fileRef = 3D42CD28255AE23900B6894C /* customCellcellForRowAt.swift */; };
		3D42CD2B255AE2BB00B6894C /* didSelectRowAt_UserinfoVC.swift in Sources */ = {isa = PBXBuildFile; fileRef = 3D42CD2A255AE2BB00B6894C /* didSelectRowAt_UserinfoVC.swift */; };
		3D42CD2D255AE34E00B6894C /* tableViewSetup.swift in Sources */ = {isa = PBXBuildFile; fileRef = 3D42CD2C255AE34E00B6894C /* tableViewSetup.swift */; };
		3D4C4FEA254F4CD30052A195 /* Handler.swift in Sources */ = {isa = PBXBuildFile; fileRef = 3D4C4FE9254F4CD30052A195 /* Handler.swift */; };
		3D4C4FFC254F4E8D0052A195 /* JSON.swift in Sources */ = {isa = PBXBuildFile; fileRef = 3D4C4FFB254F4E8D0052A195 /* JSON.swift */; };
		3D593E36255A4EC20072D8F7 /* MKPin.swift in Sources */ = {isa = PBXBuildFile; fileRef = 3D593E35255A4EC20072D8F7 /* MKPin.swift */; };
		3D593E38255A5DA80072D8F7 /* centerLocation.swift in Sources */ = {isa = PBXBuildFile; fileRef = 3D593E37255A5DA80072D8F7 /* centerLocation.swift */; };
		3D63A9E52555C4A00066A25A /* Project.xcdatamodeld in Sources */ = {isa = PBXBuildFile; fileRef = 3D67A91D25486431001E392F /* Project.xcdatamodeld */; };
		3D63A9ED2555C4A10066A25A /* Project.xcdatamodeld in Sources */ = {isa = PBXBuildFile; fileRef = 3D67A91D25486431001E392F /* Project.xcdatamodeld */; };
		3D63A9EE2555C4A20066A25A /* Project.xcdatamodeld in Sources */ = {isa = PBXBuildFile; fileRef = 3D67A91D25486431001E392F /* Project.xcdatamodeld */; };
		3D63A9F52555C4A80066A25A /* AppDelegate.swift in Sources */ = {isa = PBXBuildFile; fileRef = 3D67A91425486431001E392F /* AppDelegate.swift */; };
		3D63A9FD2555C4A90066A25A /* AppDelegate.swift in Sources */ = {isa = PBXBuildFile; fileRef = 3D67A91425486431001E392F /* AppDelegate.swift */; };
		3D63A9FE2555C4AA0066A25A /* AppDelegate.swift in Sources */ = {isa = PBXBuildFile; fileRef = 3D67A91425486431001E392F /* AppDelegate.swift */; };
		3D63AA052555C4AD0066A25A /* SceneDelegate.swift in Sources */ = {isa = PBXBuildFile; fileRef = 3D67A91625486431001E392F /* SceneDelegate.swift */; };
		3D63AA092555C4AE0066A25A /* SceneDelegate.swift in Sources */ = {isa = PBXBuildFile; fileRef = 3D67A91625486431001E392F /* SceneDelegate.swift */; };
		3D63AA0D2555C4AE0066A25A /* SceneDelegate.swift in Sources */ = {isa = PBXBuildFile; fileRef = 3D67A91625486431001E392F /* SceneDelegate.swift */; };
		3D63AA142555C4B10066A25A /* Assets.xcassets in Resources */ = {isa = PBXBuildFile; fileRef = 3D67A92025486433001E392F /* Assets.xcassets */; };
		3D63AA1C2555C4B20066A25A /* Assets.xcassets in Resources */ = {isa = PBXBuildFile; fileRef = 3D67A92025486433001E392F /* Assets.xcassets */; };
		3D63AA202555C4B20066A25A /* Assets.xcassets in Resources */ = {isa = PBXBuildFile; fileRef = 3D67A92025486433001E392F /* Assets.xcassets */; };
		3D6704092557FB8D001EED1F /* UserinfoVC.swift in Sources */ = {isa = PBXBuildFile; fileRef = 3D6704082557FB8D001EED1F /* UserinfoVC.swift */; };
		3D6729332551374300095BEE /* _navigationBarRightButton.swift in Sources */ = {isa = PBXBuildFile; fileRef = 3D6729322551374300095BEE /* _navigationBarRightButton.swift */; };
		3D67A91C25486431001E392F /* Main.storyboard in Resources */ = {isa = PBXBuildFile; fileRef = 3D67A91A25486431001E392F /* Main.storyboard */; };
		3D67A92425486433001E392F /* LaunchScreen.storyboard in Resources */ = {isa = PBXBuildFile; fileRef = 3D67A92225486433001E392F /* LaunchScreen.storyboard */; };
		3D67A92F25486433001E392F /* ProjectTests.swift in Sources */ = {isa = PBXBuildFile; fileRef = 3D67A92E25486433001E392F /* ProjectTests.swift */; };
		3D67A93A25486433001E392F /* ProjectUITests.swift in Sources */ = {isa = PBXBuildFile; fileRef = 3D67A93925486433001E392F /* ProjectUITests.swift */; };
		3D6800BB254B47900021C56F /* _navigationBarThemeConfig.swift in Sources */ = {isa = PBXBuildFile; fileRef = 3D6800BA254B47900021C56F /* _navigationBarThemeConfig.swift */; };
		3D6800FE254B616F0021C56F /* _navigationBarLeftButton.swift in Sources */ = {isa = PBXBuildFile; fileRef = 3D6800FD254B616F0021C56F /* _navigationBarLeftButton.swift */; };
		3D68FEE0254A35CC0021C56F /* CustomCell.swift in Sources */ = {isa = PBXBuildFile; fileRef = 3D68FEDF254A35CC0021C56F /* CustomCell.swift */; };
		3D68FEE1254A35CC0021C56F /* CustomCell.swift in Sources */ = {isa = PBXBuildFile; fileRef = 3D68FEDF254A35CC0021C56F /* CustomCell.swift */; };
		3D68FEE2254A35CC0021C56F /* CustomCell.swift in Sources */ = {isa = PBXBuildFile; fileRef = 3D68FEDF254A35CC0021C56F /* CustomCell.swift */; };
		3D68FF7E254AE11B0021C56F /* UIAlertController_exitIntuitive.swift in Sources */ = {isa = PBXBuildFile; fileRef = 3D68FF7D254AE11B0021C56F /* UIAlertController_exitIntuitive.swift */; };
		3D68FF95254AE8B50021C56F /* navigationBarSetup.swift in Sources */ = {isa = PBXBuildFile; fileRef = 3D68FF94254AE8B50021C56F /* navigationBarSetup.swift */; };
		3D68FFAF254AEB420021C56F /* NotebookVCextraMenu.swift in Sources */ = {isa = PBXBuildFile; fileRef = 3D68FFAE254AEB420021C56F /* NotebookVCextraMenu.swift */; };
		3D6FB3BE254E9AFA00CEF2C8 /* center.swift in Sources */ = {isa = PBXBuildFile; fileRef = 3D6FB3BD254E9AFA00CEF2C8 /* center.swift */; };
		3D6FB3F2254EB58100CEF2C8 /* prefixArray.swift in Sources */ = {isa = PBXBuildFile; fileRef = 3D6FB3F1254EB58100CEF2C8 /* prefixArray.swift */; };
		3D79DA09254977C10048B7B0 /* String_urlValid.swift in Sources */ = {isa = PBXBuildFile; fileRef = 3D79DA08254977C10048B7B0 /* String_urlValid.swift */; };
		3D79DA1E25498A860048B7B0 /* APIGetTest.swift in Sources */ = {isa = PBXBuildFile; fileRef = 3D79DA1D25498A860048B7B0 /* APIGetTest.swift */; };
		3D79DA2C25498F180048B7B0 /* APIPostTest.swift in Sources */ = {isa = PBXBuildFile; fileRef = 3D79DA2B25498F180048B7B0 /* APIPostTest.swift */; };
		3D8FF4262556772700FE8DD3 /* removeSubviews.swift in Sources */ = {isa = PBXBuildFile; fileRef = 3D8FF4252556772700FE8DD3 /* removeSubviews.swift */; };
		3DC7C91F254F1A31001A1D83 /* CustomCell.xib in Resources */ = {isa = PBXBuildFile; fileRef = 3D680097254B2C640021C56F /* CustomCell.xib */; };
		3DC7C923254F1A31001A1D83 /* CustomCell.xib in Resources */ = {isa = PBXBuildFile; fileRef = 3D680097254B2C640021C56F /* CustomCell.xib */; };
		3DC7C924254F1A32001A1D83 /* CustomCell.xib in Resources */ = {isa = PBXBuildFile; fileRef = 3D680097254B2C640021C56F /* CustomCell.xib */; };
		3DD010F6255AF926006D67F2 /* dequeueReusableCell.swift in Sources */ = {isa = PBXBuildFile; fileRef = 3DD010F5255AF926006D67F2 /* dequeueReusableCell.swift */; };
		3DD010F8255AF96A006D67F2 /* numberOfRowsInSection.swift in Sources */ = {isa = PBXBuildFile; fileRef = 3DD010F7255AF96A006D67F2 /* numberOfRowsInSection.swift */; };
		3DD010FA255AF9A0006D67F2 /* didSelectRowAt.swift in Sources */ = {isa = PBXBuildFile; fileRef = 3DD010F9255AF9A0006D67F2 /* didSelectRowAt.swift */; };
		3DD010FC255AF9DF006D67F2 /* willDisplayCell.swift in Sources */ = {isa = PBXBuildFile; fileRef = 3DD010FB255AF9DF006D67F2 /* willDisplayCell.swift */; };
		3DD88A632558DAB700774F8D /* nukeImage.swift in Sources */ = {isa = PBXBuildFile; fileRef = 3DD88A622558DAB700774F8D /* nukeImage.swift */; };
		3DDC58C12551277300AC120F /* updater.swift in Sources */ = {isa = PBXBuildFile; fileRef = 3DDC58C02551277300AC120F /* updater.swift */; };
		3DDC59042551327500AC120F /* NavigationController.swift in Sources */ = {isa = PBXBuildFile; fileRef = 3DDC59022551327500AC120F /* NavigationController.swift */; };
		3DDC59052551327500AC120F /* NavigationController.swift in Sources */ = {isa = PBXBuildFile; fileRef = 3DDC59022551327500AC120F /* NavigationController.swift */; };
		3DDC59062551327500AC120F /* NavigationController.swift in Sources */ = {isa = PBXBuildFile; fileRef = 3DDC59022551327500AC120F /* NavigationController.swift */; };
		3DE0A2332559F76800672BE4 /* MapsViewController.swift in Sources */ = {isa = PBXBuildFile; fileRef = 3DE0A2322559F76800672BE4 /* MapsViewController.swift */; };
		3DE0A2352559F7F900672BE4 /* MapsViewController.xib in Resources */ = {isa = PBXBuildFile; fileRef = 3DE0A2342559F7F900672BE4 /* MapsViewController.xib */; };
		3DE0A239255A22AA00672BE4 /* _locationIconConfig.swift in Sources */ = {isa = PBXBuildFile; fileRef = 3DE0A238255A22AA00672BE4 /* _locationIconConfig.swift */; };
		3DE8F4FA25503B970036D5F3 /* TableViewController.swift in Sources */ = {isa = PBXBuildFile; fileRef = 3DE8F4F925503B970036D5F3 /* TableViewController.swift */; };
		3DE9B8F42558C3E600440AEA /* UserinfoVC.xib in Resources */ = {isa = PBXBuildFile; fileRef = 3DE9B8F32558C3E600440AEA /* UserinfoVC.xib */; };
		3DEB76742548998700763A2B /* API.swift in Sources */ = {isa = PBXBuildFile; fileRef = 3DEB76732548998700763A2B /* API.swift */; };
		3DEB76B42548BB6B00763A2B /* Url.swift in Sources */ = {isa = PBXBuildFile; fileRef = 3DEB76B32548BB6B00763A2B /* Url.swift */; };
		3DEB76BA2548C33200763A2B /* httpMethod.swift in Sources */ = {isa = PBXBuildFile; fileRef = 3DEB76B92548C33200763A2B /* httpMethod.swift */; };
		3DEB76CC2548C38800763A2B /* GET.swift in Sources */ = {isa = PBXBuildFile; fileRef = 3DEB76CB2548C38800763A2B /* GET.swift */; };
		3DEB76DB2548D38700763A2B /* POST.swift in Sources */ = {isa = PBXBuildFile; fileRef = 3DEB76DA2548D38700763A2B /* POST.swift */; };
		3DEB76F12548DE1E00763A2B /* Dictionary_percentEncoded.swift in Sources */ = {isa = PBXBuildFile; fileRef = 3DEB76F02548DE1E00763A2B /* Dictionary_percentEncoded.swift */; };
		3DEB76FA2548DE3E00763A2B /* CharacterSet_urlQueryValueAllowed.swift in Sources */ = {isa = PBXBuildFile; fileRef = 3DEB76F92548DE3E00763A2B /* CharacterSet_urlQueryValueAllowed.swift */; };
		3DF73C3F25509D320053BA81 /* Status.swift in Sources */ = {isa = PBXBuildFile; fileRef = 3DF73C3E25509D320053BA81 /* Status.swift */; };
		3DF73C4425509E390053BA81 /* DatabaseWorker.swift in Sources */ = {isa = PBXBuildFile; fileRef = 3DF73C4325509E390053BA81 /* DatabaseWorker.swift */; };
		3DF73C8D2550B2BC0053BA81 /* HandlerDelegate.swift in Sources */ = {isa = PBXBuildFile; fileRef = 3DF73C8C2550B2BC0053BA81 /* HandlerDelegate.swift */; };
		3DF73C9B2550B5390053BA81 /* SetData.swift in Sources */ = {isa = PBXBuildFile; fileRef = 3DF73C9A2550B5390053BA81 /* SetData.swift */; };
		3DF73DD92550FDDF0053BA81 /* API_copy.swift in Sources */ = {isa = PBXBuildFile; fileRef = 3DF73DD82550FDDF0053BA81 /* API_copy.swift */; };
		3DFB53052555C55B00846BCE /* Info.plist in Resources */ = {isa = PBXBuildFile; fileRef = 3D67A92525486433001E392F /* Info.plist */; };
		3DFB53092555C55C00846BCE /* Info.plist in Resources */ = {isa = PBXBuildFile; fileRef = 3D67A92525486433001E392F /* Info.plist */; };
		3DFB530D2555C55D00846BCE /* Info.plist in Resources */ = {isa = PBXBuildFile; fileRef = 3D67A92525486433001E392F /* Info.plist */; };
/* End PBXBuildFile section */

/* Begin PBXContainerItemProxy section */
		3D67A92B25486433001E392F /* PBXContainerItemProxy */ = {
			isa = PBXContainerItemProxy;
			containerPortal = 3D67A90925486431001E392F /* Project object */;
			proxyType = 1;
			remoteGlobalIDString = 3D67A91025486431001E392F;
			remoteInfo = Project;
		};
		3D67A93625486433001E392F /* PBXContainerItemProxy */ = {
			isa = PBXContainerItemProxy;
			containerPortal = 3D67A90925486431001E392F /* Project object */;
			proxyType = 1;
			remoteGlobalIDString = 3D67A91025486431001E392F;
			remoteInfo = Project;
		};
/* End PBXContainerItemProxy section */

/* Begin PBXFileReference section */
		3D0FB2DC2555E3E8005006D9 /* Coredata.swift */ = {isa = PBXFileReference; lastKnownFileType = sourcecode.swift; path = Coredata.swift; sourceTree = "<group>"; };
		3D0FB2DE2555E47B005006D9 /* extensionStorageManager.swift */ = {isa = PBXFileReference; lastKnownFileType = sourcecode.swift; path = extensionStorageManager.swift; sourceTree = "<group>"; };
		3D1545BD254C26A500F6BBA2 /* StorageManager.swift */ = {isa = PBXFileReference; lastKnownFileType = sourcecode.swift; path = StorageManager.swift; sourceTree = "<group>"; };
		3D1546B2254C5ACE00F6BBA2 /* Database.swift */ = {isa = PBXFileReference; lastKnownFileType = sourcecode.swift; path = Database.swift; sourceTree = "<group>"; };
		3D1546B7254C5AFF00F6BBA2 /* ExtensionDatabase.swift */ = {isa = PBXFileReference; lastKnownFileType = sourcecode.swift; path = ExtensionDatabase.swift; sourceTree = "<group>"; };
		3D1546BD254C5B6200F6BBA2 /* Info.swift */ = {isa = PBXFileReference; lastKnownFileType = sourcecode.swift; path = Info.swift; sourceTree = "<group>"; };
		3D1546C5254C5B8C00F6BBA2 /* ExtensionInfo.swift */ = {isa = PBXFileReference; lastKnownFileType = sourcecode.swift; path = ExtensionInfo.swift; sourceTree = "<group>"; };
		3D1546CB254C5C2600F6BBA2 /* Results.swift */ = {isa = PBXFileReference; lastKnownFileType = sourcecode.swift; path = Results.swift; sourceTree = "<group>"; };
		3D1546D0254C5C4D00F6BBA2 /* ExtensionResult.swift */ = {isa = PBXFileReference; lastKnownFileType = sourcecode.swift; path = ExtensionResult.swift; sourceTree = "<group>"; };
		3D1546D6254C5CBC00F6BBA2 /* Dob.swift */ = {isa = PBXFileReference; lastKnownFileType = sourcecode.swift; path = Dob.swift; sourceTree = "<group>"; };
		3D1546DE254C5CDE00F6BBA2 /* ExtensionDob.swift */ = {isa = PBXFileReference; lastKnownFileType = sourcecode.swift; path = ExtensionDob.swift; sourceTree = "<group>"; };
		3D1546E4254C5D8600F6BBA2 /* ID.swift */ = {isa = PBXFileReference; lastKnownFileType = sourcecode.swift; path = ID.swift; sourceTree = "<group>"; };
		3D1546EC254C5DA000F6BBA2 /* ExtensionID.swift */ = {isa = PBXFileReference; lastKnownFileType = sourcecode.swift; path = ExtensionID.swift; sourceTree = "<group>"; };
		3D15471A254C603C00F6BBA2 /* Registered.swift */ = {isa = PBXFileReference; lastKnownFileType = sourcecode.swift; path = Registered.swift; sourceTree = "<group>"; };
		3D154722254C607600F6BBA2 /* ExtensionRegistered.swift */ = {isa = PBXFileReference; lastKnownFileType = sourcecode.swift; path = ExtensionRegistered.swift; sourceTree = "<group>"; };
		3D154728254C60FC00F6BBA2 /* Gender.swift */ = {isa = PBXFileReference; lastKnownFileType = sourcecode.swift; path = Gender.swift; sourceTree = "<group>"; };
		3D15474F254C672000F6BBA2 /* Location.swift */ = {isa = PBXFileReference; lastKnownFileType = sourcecode.swift; path = Location.swift; sourceTree = "<group>"; };
		3D154757254C674600F6BBA2 /* ExtensionLocation.swift */ = {isa = PBXFileReference; lastKnownFileType = sourcecode.swift; path = ExtensionLocation.swift; sourceTree = "<group>"; };
		3D15475C254C67B400F6BBA2 /* Postcode.swift */ = {isa = PBXFileReference; lastKnownFileType = sourcecode.swift; path = Postcode.swift; sourceTree = "<group>"; };
		3D15476B254C689E00F6BBA2 /* Coordinates.swift */ = {isa = PBXFileReference; lastKnownFileType = sourcecode.swift; path = Coordinates.swift; sourceTree = "<group>"; };
		3D154771254C68CE00F6BBA2 /* ExtensionCoordinates.swift */ = {isa = PBXFileReference; lastKnownFileType = sourcecode.swift; path = ExtensionCoordinates.swift; sourceTree = "<group>"; };
		3D15477A254C697100F6BBA2 /* Street.swift */ = {isa = PBXFileReference; lastKnownFileType = sourcecode.swift; path = Street.swift; sourceTree = "<group>"; };
		3D15477F254C699100F6BBA2 /* ExtensionStreet.swift */ = {isa = PBXFileReference; lastKnownFileType = sourcecode.swift; path = ExtensionStreet.swift; sourceTree = "<group>"; };
		3D154785254C69E200F6BBA2 /* Timezone.swift */ = {isa = PBXFileReference; lastKnownFileType = sourcecode.swift; path = Timezone.swift; sourceTree = "<group>"; };
		3D15478D254C69FD00F6BBA2 /* ExtensionTimezone.swift */ = {isa = PBXFileReference; lastKnownFileType = sourcecode.swift; path = ExtensionTimezone.swift; sourceTree = "<group>"; };
		3D15479D254C6B9600F6BBA2 /* Login.swift */ = {isa = PBXFileReference; lastKnownFileType = sourcecode.swift; path = Login.swift; sourceTree = "<group>"; };
		3D1547A5254C6BB700F6BBA2 /* ExtensionLogin.swift */ = {isa = PBXFileReference; lastKnownFileType = sourcecode.swift; path = ExtensionLogin.swift; sourceTree = "<group>"; };
		3D1547AB254C6C4500F6BBA2 /* Name.swift */ = {isa = PBXFileReference; lastKnownFileType = sourcecode.swift; path = Name.swift; sourceTree = "<group>"; };
		3D1547B3254C6C7A00F6BBA2 /* ExtensionName.swift */ = {isa = PBXFileReference; lastKnownFileType = sourcecode.swift; path = ExtensionName.swift; sourceTree = "<group>"; };
		3D1547B9254C6C9D00F6BBA2 /* Picture.swift */ = {isa = PBXFileReference; lastKnownFileType = sourcecode.swift; path = Picture.swift; sourceTree = "<group>"; };
		3D1547C1254C6CDF00F6BBA2 /* ExtensionPicture.swift */ = {isa = PBXFileReference; lastKnownFileType = sourcecode.swift; path = ExtensionPicture.swift; sourceTree = "<group>"; };
		3D15488F254CFBDD00F6BBA2 /* newJSONDecoder.swift */ = {isa = PBXFileReference; lastKnownFileType = sourcecode.swift; path = newJSONDecoder.swift; sourceTree = "<group>"; };
		3D154894254CFBFF00F6BBA2 /* newJSONEncoder.swift */ = {isa = PBXFileReference; lastKnownFileType = sourcecode.swift; path = newJSONEncoder.swift; sourceTree = "<group>"; };
		3D2AE95425548E6900C08802 /* Helpers.swift */ = {isa = PBXFileReference; lastKnownFileType = sourcecode.swift; path = Helpers.swift; sourceTree = "<group>"; };
		3D42CD16255AA06B00B6894C /* DateFormatter.swift */ = {isa = PBXFileReference; lastKnownFileType = sourcecode.swift; path = DateFormatter.swift; sourceTree = "<group>"; };
		3D42CD18255AC6D100B6894C /* contextMenuInteraction.swift */ = {isa = PBXFileReference; lastKnownFileType = sourcecode.swift; path = contextMenuInteraction.swift; sourceTree = "<group>"; };
		3D42CD1A255AC78100B6894C /* _timezoneSetup.swift */ = {isa = PBXFileReference; lastKnownFileType = sourcecode.swift; path = _timezoneSetup.swift; sourceTree = "<group>"; };
		3D42CD1C255AC7E500B6894C /* _genderSetup.swift */ = {isa = PBXFileReference; lastKnownFileType = sourcecode.swift; path = _genderSetup.swift; sourceTree = "<group>"; };
		3D42CD1E255AC85600B6894C /* _nameSetup.swift */ = {isa = PBXFileReference; lastKnownFileType = sourcecode.swift; path = _nameSetup.swift; sourceTree = "<group>"; };
		3D42CD20255AC8D700B6894C /* _emailSetup.swift */ = {isa = PBXFileReference; lastKnownFileType = sourcecode.swift; path = _emailSetup.swift; sourceTree = "<group>"; };
		3D42CD22255AC97300B6894C /* _photoSetup.swift */ = {isa = PBXFileReference; lastKnownFileType = sourcecode.swift; path = _photoSetup.swift; sourceTree = "<group>"; };
		3D42CD24255ACA0B00B6894C /* _ageSetup.swift */ = {isa = PBXFileReference; lastKnownFileType = sourcecode.swift; path = _ageSetup.swift; sourceTree = "<group>"; };
		3D42CD26255ACAA900B6894C /* _locationSetup.swift */ = {isa = PBXFileReference; lastKnownFileType = sourcecode.swift; path = _locationSetup.swift; sourceTree = "<group>"; };
		3D42CD28255AE23900B6894C /* customCellcellForRowAt.swift */ = {isa = PBXFileReference; lastKnownFileType = sourcecode.swift; path = customCellcellForRowAt.swift; sourceTree = "<group>"; };
		3D42CD2A255AE2BB00B6894C /* didSelectRowAt_UserinfoVC.swift */ = {isa = PBXFileReference; lastKnownFileType = sourcecode.swift; path = didSelectRowAt_UserinfoVC.swift; sourceTree = "<group>"; };
		3D42CD2C255AE34E00B6894C /* tableViewSetup.swift */ = {isa = PBXFileReference; lastKnownFileType = sourcecode.swift; path = tableViewSetup.swift; sourceTree = "<group>"; };
		3D4C4FE9254F4CD30052A195 /* Handler.swift */ = {isa = PBXFileReference; lastKnownFileType = sourcecode.swift; path = Handler.swift; sourceTree = "<group>"; };
		3D4C4FFB254F4E8D0052A195 /* JSON.swift */ = {isa = PBXFileReference; lastKnownFileType = sourcecode.swift; path = JSON.swift; sourceTree = "<group>"; };
		3D593E35255A4EC20072D8F7 /* MKPin.swift */ = {isa = PBXFileReference; lastKnownFileType = sourcecode.swift; path = MKPin.swift; sourceTree = "<group>"; };
		3D593E37255A5DA80072D8F7 /* centerLocation.swift */ = {isa = PBXFileReference; lastKnownFileType = sourcecode.swift; path = centerLocation.swift; sourceTree = "<group>"; };
		3D6704082557FB8D001EED1F /* UserinfoVC.swift */ = {isa = PBXFileReference; lastKnownFileType = sourcecode.swift; path = UserinfoVC.swift; sourceTree = "<group>"; };
		3D6729322551374300095BEE /* _navigationBarRightButton.swift */ = {isa = PBXFileReference; lastKnownFileType = sourcecode.swift; path = _navigationBarRightButton.swift; sourceTree = "<group>"; };
		3D67A91125486431001E392F /* Project.app */ = {isa = PBXFileReference; explicitFileType = wrapper.application; includeInIndex = 0; path = Project.app; sourceTree = BUILT_PRODUCTS_DIR; };
		3D67A91425486431001E392F /* AppDelegate.swift */ = {isa = PBXFileReference; lastKnownFileType = sourcecode.swift; path = AppDelegate.swift; sourceTree = "<group>"; };
		3D67A91625486431001E392F /* SceneDelegate.swift */ = {isa = PBXFileReference; lastKnownFileType = sourcecode.swift; path = SceneDelegate.swift; sourceTree = "<group>"; };
		3D67A91B25486431001E392F /* Base */ = {isa = PBXFileReference; lastKnownFileType = file.storyboard; name = Base; path = Base.lproj/Main.storyboard; sourceTree = "<group>"; };
		3D67A91E25486431001E392F /* Project.xcdatamodel */ = {isa = PBXFileReference; lastKnownFileType = wrapper.xcdatamodel; path = Project.xcdatamodel; sourceTree = "<group>"; };
		3D67A92025486433001E392F /* Assets.xcassets */ = {isa = PBXFileReference; lastKnownFileType = folder.assetcatalog; path = Assets.xcassets; sourceTree = "<group>"; };
		3D67A92325486433001E392F /* Base */ = {isa = PBXFileReference; lastKnownFileType = file.storyboard; name = Base; path = Base.lproj/LaunchScreen.storyboard; sourceTree = "<group>"; };
		3D67A92525486433001E392F /* Info.plist */ = {isa = PBXFileReference; lastKnownFileType = text.plist.xml; path = Info.plist; sourceTree = "<group>"; };
		3D67A92A25486433001E392F /* ProjectTests.xctest */ = {isa = PBXFileReference; explicitFileType = wrapper.cfbundle; includeInIndex = 0; path = ProjectTests.xctest; sourceTree = BUILT_PRODUCTS_DIR; };
		3D67A92E25486433001E392F /* ProjectTests.swift */ = {isa = PBXFileReference; lastKnownFileType = sourcecode.swift; path = ProjectTests.swift; sourceTree = "<group>"; };
		3D67A93025486433001E392F /* Info.plist */ = {isa = PBXFileReference; lastKnownFileType = text.plist.xml; path = Info.plist; sourceTree = "<group>"; };
		3D67A93525486433001E392F /* ProjectUITests.xctest */ = {isa = PBXFileReference; explicitFileType = wrapper.cfbundle; includeInIndex = 0; path = ProjectUITests.xctest; sourceTree = BUILT_PRODUCTS_DIR; };
		3D67A93925486433001E392F /* ProjectUITests.swift */ = {isa = PBXFileReference; lastKnownFileType = sourcecode.swift; path = ProjectUITests.swift; sourceTree = "<group>"; };
		3D67A93B25486433001E392F /* Info.plist */ = {isa = PBXFileReference; lastKnownFileType = text.plist.xml; path = Info.plist; sourceTree = "<group>"; };
		3D680097254B2C640021C56F /* CustomCell.xib */ = {isa = PBXFileReference; lastKnownFileType = file.xib; path = CustomCell.xib; sourceTree = "<group>"; };
		3D6800BA254B47900021C56F /* _navigationBarThemeConfig.swift */ = {isa = PBXFileReference; lastKnownFileType = sourcecode.swift; path = _navigationBarThemeConfig.swift; sourceTree = "<group>"; };
		3D6800FD254B616F0021C56F /* _navigationBarLeftButton.swift */ = {isa = PBXFileReference; lastKnownFileType = sourcecode.swift; path = _navigationBarLeftButton.swift; sourceTree = "<group>"; };
		3D68FEDF254A35CC0021C56F /* CustomCell.swift */ = {isa = PBXFileReference; lastKnownFileType = sourcecode.swift; path = CustomCell.swift; sourceTree = "<group>"; };
		3D68FF7D254AE11B0021C56F /* UIAlertController_exitIntuitive.swift */ = {isa = PBXFileReference; lastKnownFileType = sourcecode.swift; path = UIAlertController_exitIntuitive.swift; sourceTree = "<group>"; };
		3D68FF94254AE8B50021C56F /* navigationBarSetup.swift */ = {isa = PBXFileReference; lastKnownFileType = sourcecode.swift; path = navigationBarSetup.swift; sourceTree = "<group>"; };
		3D68FFAE254AEB420021C56F /* NotebookVCextraMenu.swift */ = {isa = PBXFileReference; lastKnownFileType = sourcecode.swift; path = NotebookVCextraMenu.swift; sourceTree = "<group>"; };
		3D6FB3BD254E9AFA00CEF2C8 /* center.swift */ = {isa = PBXFileReference; lastKnownFileType = sourcecode.swift; path = center.swift; sourceTree = "<group>"; };
		3D6FB3F1254EB58100CEF2C8 /* prefixArray.swift */ = {isa = PBXFileReference; lastKnownFileType = sourcecode.swift; path = prefixArray.swift; sourceTree = "<group>"; };
		3D79DA08254977C10048B7B0 /* String_urlValid.swift */ = {isa = PBXFileReference; lastKnownFileType = sourcecode.swift; path = String_urlValid.swift; sourceTree = "<group>"; };
		3D79DA1D25498A860048B7B0 /* APIGetTest.swift */ = {isa = PBXFileReference; lastKnownFileType = sourcecode.swift; path = APIGetTest.swift; sourceTree = "<group>"; };
		3D79DA2B25498F180048B7B0 /* APIPostTest.swift */ = {isa = PBXFileReference; lastKnownFileType = sourcecode.swift; path = APIPostTest.swift; sourceTree = "<group>"; };
		3D8FF4252556772700FE8DD3 /* removeSubviews.swift */ = {isa = PBXFileReference; lastKnownFileType = sourcecode.swift; path = removeSubviews.swift; sourceTree = "<group>"; };
		3DD010F5255AF926006D67F2 /* dequeueReusableCell.swift */ = {isa = PBXFileReference; lastKnownFileType = sourcecode.swift; path = dequeueReusableCell.swift; sourceTree = "<group>"; };
		3DD010F7255AF96A006D67F2 /* numberOfRowsInSection.swift */ = {isa = PBXFileReference; lastKnownFileType = sourcecode.swift; path = numberOfRowsInSection.swift; sourceTree = "<group>"; };
		3DD010F9255AF9A0006D67F2 /* didSelectRowAt.swift */ = {isa = PBXFileReference; lastKnownFileType = sourcecode.swift; path = didSelectRowAt.swift; sourceTree = "<group>"; };
		3DD010FB255AF9DF006D67F2 /* willDisplayCell.swift */ = {isa = PBXFileReference; lastKnownFileType = sourcecode.swift; path = willDisplayCell.swift; sourceTree = "<group>"; };
		3DD88A622558DAB700774F8D /* nukeImage.swift */ = {isa = PBXFileReference; lastKnownFileType = sourcecode.swift; path = nukeImage.swift; sourceTree = "<group>"; };
		3DDC58C02551277300AC120F /* updater.swift */ = {isa = PBXFileReference; lastKnownFileType = sourcecode.swift; path = updater.swift; sourceTree = "<group>"; };
		3DDC59022551327500AC120F /* NavigationController.swift */ = {isa = PBXFileReference; lastKnownFileType = sourcecode.swift; path = NavigationController.swift; sourceTree = "<group>"; };
		3DE0A2322559F76800672BE4 /* MapsViewController.swift */ = {isa = PBXFileReference; lastKnownFileType = sourcecode.swift; path = MapsViewController.swift; sourceTree = "<group>"; };
		3DE0A2342559F7F900672BE4 /* MapsViewController.xib */ = {isa = PBXFileReference; lastKnownFileType = file.xib; path = MapsViewController.xib; sourceTree = "<group>"; };
		3DE0A238255A22AA00672BE4 /* _locationIconConfig.swift */ = {isa = PBXFileReference; lastKnownFileType = sourcecode.swift; path = _locationIconConfig.swift; sourceTree = "<group>"; };
		3DE8F4F925503B970036D5F3 /* TableViewController.swift */ = {isa = PBXFileReference; lastKnownFileType = sourcecode.swift; path = TableViewController.swift; sourceTree = "<group>"; };
		3DE9B8F32558C3E600440AEA /* UserinfoVC.xib */ = {isa = PBXFileReference; lastKnownFileType = file.xib; path = UserinfoVC.xib; sourceTree = "<group>"; };
		3DEB76732548998700763A2B /* API.swift */ = {isa = PBXFileReference; lastKnownFileType = sourcecode.swift; path = API.swift; sourceTree = "<group>"; };
		3DEB76B32548BB6B00763A2B /* Url.swift */ = {isa = PBXFileReference; lastKnownFileType = sourcecode.swift; path = Url.swift; sourceTree = "<group>"; };
		3DEB76B92548C33200763A2B /* httpMethod.swift */ = {isa = PBXFileReference; lastKnownFileType = sourcecode.swift; path = httpMethod.swift; sourceTree = "<group>"; };
		3DEB76CB2548C38800763A2B /* GET.swift */ = {isa = PBXFileReference; lastKnownFileType = sourcecode.swift; path = GET.swift; sourceTree = "<group>"; };
		3DEB76DA2548D38700763A2B /* POST.swift */ = {isa = PBXFileReference; lastKnownFileType = sourcecode.swift; path = POST.swift; sourceTree = "<group>"; };
		3DEB76F02548DE1E00763A2B /* Dictionary_percentEncoded.swift */ = {isa = PBXFileReference; lastKnownFileType = sourcecode.swift; path = Dictionary_percentEncoded.swift; sourceTree = "<group>"; };
		3DEB76F92548DE3E00763A2B /* CharacterSet_urlQueryValueAllowed.swift */ = {isa = PBXFileReference; lastKnownFileType = sourcecode.swift; path = CharacterSet_urlQueryValueAllowed.swift; sourceTree = "<group>"; };
		3DF73C3E25509D320053BA81 /* Status.swift */ = {isa = PBXFileReference; lastKnownFileType = sourcecode.swift; path = Status.swift; sourceTree = "<group>"; };
		3DF73C4325509E390053BA81 /* DatabaseWorker.swift */ = {isa = PBXFileReference; lastKnownFileType = sourcecode.swift; path = DatabaseWorker.swift; sourceTree = "<group>"; };
		3DF73C8C2550B2BC0053BA81 /* HandlerDelegate.swift */ = {isa = PBXFileReference; lastKnownFileType = sourcecode.swift; path = HandlerDelegate.swift; sourceTree = "<group>"; };
		3DF73C9A2550B5390053BA81 /* SetData.swift */ = {isa = PBXFileReference; lastKnownFileType = sourcecode.swift; path = SetData.swift; sourceTree = "<group>"; };
		3DF73DD82550FDDF0053BA81 /* API_copy.swift */ = {isa = PBXFileReference; lastKnownFileType = sourcecode.swift; path = API_copy.swift; sourceTree = "<group>"; };
/* End PBXFileReference section */

/* Begin PBXFrameworksBuildPhase section */
		3D67A90E25486431001E392F /* Frameworks */ = {
			isa = PBXFrameworksBuildPhase;
			buildActionMask = 2147483647;
			files = (
			);
			runOnlyForDeploymentPostprocessing = 0;
		};
		3D67A92725486433001E392F /* Frameworks */ = {
			isa = PBXFrameworksBuildPhase;
			buildActionMask = 2147483647;
			files = (
			);
			runOnlyForDeploymentPostprocessing = 0;
		};
		3D67A93225486433001E392F /* Frameworks */ = {
			isa = PBXFrameworksBuildPhase;
			buildActionMask = 2147483647;
			files = (
			);
			runOnlyForDeploymentPostprocessing = 0;
		};
/* End PBXFrameworksBuildPhase section */

/* Begin PBXGroup section */
		3D1545FF254C4A5B00F6BBA2 /* JSON */ = {
			isa = PBXGroup;
			children = (
				3D4C4FFB254F4E8D0052A195 /* JSON.swift */,
				3D15488F254CFBDD00F6BBA2 /* newJSONDecoder.swift */,
				3D154894254CFBFF00F6BBA2 /* newJSONEncoder.swift */,
				3D15460D254C4ACA00F6BBA2 /* Codable */,
				3D42CD16255AA06B00B6894C /* DateFormatter.swift */,
			);
			path = JSON;
			sourceTree = "<group>";
		};
		3D15460D254C4ACA00F6BBA2 /* Codable */ = {
			isa = PBXGroup;
			children = (
				3D154770254C68BF00F6BBA2 /* Coordinates */,
				3D1546B1254C5A9600F6BBA2 /* Database */,
				3D1546D5254C5CB300F6BBA2 /* Dob */,
				3D154727254C60F100F6BBA2 /* Gender */,
				3D1546E3254C5D1B00F6BBA2 /* ID */,
				3D1546BC254C5B4E00F6BBA2 /* Info */,
				3D15474E254C671900F6BBA2 /* Location */,
				3D15479C254C6B8E00F6BBA2 /* Login */,
				3D1547AA254C6C3C00F6BBA2 /* Name */,
				3D1547B8254C6C9100F6BBA2 /* Picture */,
				3D1547C6254C6D0B00F6BBA2 /* Postcode */,
				3D154719254C602800F6BBA2 /* Registered */,
				3D1546CA254C5C1D00F6BBA2 /* Results */,
				3D154779254C696A00F6BBA2 /* Street */,
				3D154784254C69DA00F6BBA2 /* Timezone */,
			);
			path = Codable;
			sourceTree = "<group>";
		};
		3D1546B1254C5A9600F6BBA2 /* Database */ = {
			isa = PBXGroup;
			children = (
				3D1546B2254C5ACE00F6BBA2 /* Database.swift */,
				3D1546B7254C5AFF00F6BBA2 /* ExtensionDatabase.swift */,
			);
			path = Database;
			sourceTree = "<group>";
		};
		3D1546BC254C5B4E00F6BBA2 /* Info */ = {
			isa = PBXGroup;
			children = (
				3D1546BD254C5B6200F6BBA2 /* Info.swift */,
				3D1546C5254C5B8C00F6BBA2 /* ExtensionInfo.swift */,
			);
			path = Info;
			sourceTree = "<group>";
		};
		3D1546CA254C5C1D00F6BBA2 /* Results */ = {
			isa = PBXGroup;
			children = (
				3D1546CB254C5C2600F6BBA2 /* Results.swift */,
				3D1546D0254C5C4D00F6BBA2 /* ExtensionResult.swift */,
			);
			path = Results;
			sourceTree = "<group>";
		};
		3D1546D5254C5CB300F6BBA2 /* Dob */ = {
			isa = PBXGroup;
			children = (
				3D1546D6254C5CBC00F6BBA2 /* Dob.swift */,
				3D1546DE254C5CDE00F6BBA2 /* ExtensionDob.swift */,
			);
			path = Dob;
			sourceTree = "<group>";
		};
		3D1546E3254C5D1B00F6BBA2 /* ID */ = {
			isa = PBXGroup;
			children = (
				3D1546E4254C5D8600F6BBA2 /* ID.swift */,
				3D1546EC254C5DA000F6BBA2 /* ExtensionID.swift */,
			);
			path = ID;
			sourceTree = "<group>";
		};
		3D154719254C602800F6BBA2 /* Registered */ = {
			isa = PBXGroup;
			children = (
				3D15471A254C603C00F6BBA2 /* Registered.swift */,
				3D154722254C607600F6BBA2 /* ExtensionRegistered.swift */,
			);
			path = Registered;
			sourceTree = "<group>";
		};
		3D154727254C60F100F6BBA2 /* Gender */ = {
			isa = PBXGroup;
			children = (
				3D154728254C60FC00F6BBA2 /* Gender.swift */,
			);
			path = Gender;
			sourceTree = "<group>";
		};
		3D15474E254C671900F6BBA2 /* Location */ = {
			isa = PBXGroup;
			children = (
				3D15474F254C672000F6BBA2 /* Location.swift */,
				3D154757254C674600F6BBA2 /* ExtensionLocation.swift */,
			);
			path = Location;
			sourceTree = "<group>";
		};
		3D154770254C68BF00F6BBA2 /* Coordinates */ = {
			isa = PBXGroup;
			children = (
				3D15476B254C689E00F6BBA2 /* Coordinates.swift */,
				3D154771254C68CE00F6BBA2 /* ExtensionCoordinates.swift */,
			);
			path = Coordinates;
			sourceTree = "<group>";
		};
		3D154779254C696A00F6BBA2 /* Street */ = {
			isa = PBXGroup;
			children = (
				3D15477A254C697100F6BBA2 /* Street.swift */,
				3D15477F254C699100F6BBA2 /* ExtensionStreet.swift */,
			);
			path = Street;
			sourceTree = "<group>";
		};
		3D154784254C69DA00F6BBA2 /* Timezone */ = {
			isa = PBXGroup;
			children = (
				3D154785254C69E200F6BBA2 /* Timezone.swift */,
				3D15478D254C69FD00F6BBA2 /* ExtensionTimezone.swift */,
			);
			path = Timezone;
			sourceTree = "<group>";
		};
		3D15479C254C6B8E00F6BBA2 /* Login */ = {
			isa = PBXGroup;
			children = (
				3D15479D254C6B9600F6BBA2 /* Login.swift */,
				3D1547A5254C6BB700F6BBA2 /* ExtensionLogin.swift */,
			);
			path = Login;
			sourceTree = "<group>";
		};
		3D1547AA254C6C3C00F6BBA2 /* Name */ = {
			isa = PBXGroup;
			children = (
				3D1547AB254C6C4500F6BBA2 /* Name.swift */,
				3D1547B3254C6C7A00F6BBA2 /* ExtensionName.swift */,
			);
			path = Name;
			sourceTree = "<group>";
		};
		3D1547B8254C6C9100F6BBA2 /* Picture */ = {
			isa = PBXGroup;
			children = (
				3D1547B9254C6C9D00F6BBA2 /* Picture.swift */,
				3D1547C1254C6CDF00F6BBA2 /* ExtensionPicture.swift */,
			);
			path = Picture;
			sourceTree = "<group>";
		};
		3D1547C6254C6D0B00F6BBA2 /* Postcode */ = {
			isa = PBXGroup;
			children = (
				3D15475C254C67B400F6BBA2 /* Postcode.swift */,
			);
			path = Postcode;
			sourceTree = "<group>";
		};
		3D4C4FAF254F47FF0052A195 /* StorageManager */ = {
			isa = PBXGroup;
			children = (
				3D0FB2DE2555E47B005006D9 /* extensionStorageManager.swift */,
				3D1545BD254C26A500F6BBA2 /* StorageManager.swift */,
				3DF73C982550B4C00053BA81 /* Enums */,
				3DF73C972550B4A50053BA81 /* Protocols */,
			);
			path = StorageManager;
			sourceTree = "<group>";
		};
		3D4C4FE8254F4CC10052A195 /* Handler */ = {
			isa = PBXGroup;
			children = (
				3D4C4FE9254F4CD30052A195 /* Handler.swift */,
				3D1545FF254C4A5B00F6BBA2 /* JSON */,
				3DF73C8B2550B2AF0053BA81 /* Protocols */,
			);
			path = Handler;
			sourceTree = "<group>";
		};
		3D4E303C2549FABC00715411 /* Controllers */ = {
			isa = PBXGroup;
			children = (
				3DE0A2312559F75E00672BE4 /* MapsViewController */,
				3D6704052557FB3A001EED1F /* Userinfo */,
				3DDC59012551324200AC120F /* NavigationController */,
				3D680135254B65370021C56F /* TableViewController */,
				3D680137254B656B0021C56F /* UIAlertController */,
			);
			path = Controllers;
			sourceTree = "<group>";
		};
		3D593E34255A4EBA0072D8F7 /* MKPin */ = {
			isa = PBXGroup;
			children = (
				3D593E35255A4EC20072D8F7 /* MKPin.swift */,
			);
			path = MKPin;
			sourceTree = "<group>";
		};
		3D6704052557FB3A001EED1F /* Userinfo */ = {
			isa = PBXGroup;
			children = (
				3D6704082557FB8D001EED1F /* UserinfoVC.swift */,
				3DE9B8F32558C3E600440AEA /* UserinfoVC.xib */,
				3DE0A237255A229F00672BE4 /* Extensions */,
			);
			path = Userinfo;
			sourceTree = "<group>";
		};
		3D67A90825486431001E392F = {
			isa = PBXGroup;
			children = (
				3D67A91325486431001E392F /* Project */,
				3D67A92D25486433001E392F /* ProjectTests */,
				3D67A93825486433001E392F /* ProjectUITests */,
				3D67A91225486431001E392F /* Products */,
				F438AA7D3281FBB5BCB61B07 /* Pods */,
			);
			sourceTree = "<group>";
		};
		3D67A91225486431001E392F /* Products */ = {
			isa = PBXGroup;
			children = (
				3D67A91125486431001E392F /* Project.app */,
				3D67A92A25486433001E392F /* ProjectTests.xctest */,
				3D67A93525486433001E392F /* ProjectUITests.xctest */,
			);
			name = Products;
			sourceTree = "<group>";
		};
		3D67A91325486431001E392F /* Project */ = {
			isa = PBXGroup;
			children = (
				3D67A91D25486431001E392F /* Project.xcdatamodeld */,
				3D67A92525486433001E392F /* Info.plist */,
				3D67A91425486431001E392F /* AppDelegate.swift */,
				3D67A91625486431001E392F /* SceneDelegate.swift */,
				3D67A92025486433001E392F /* Assets.xcassets */,
				3DEB7672254898F900763A2B /* API */,
				3D4E303C2549FABC00715411 /* Controllers */,
				3D4C4FE8254F4CC10052A195 /* Handler */,
				3D68010F254B64050021C56F /* Helpers */,
				3D4C4FAF254F47FF0052A195 /* StorageManager */,
				3D6800D7254B5C600021C56F /* Storyboards */,
			);
			path = Project;
			sourceTree = "<group>";
		};
		3D67A92D25486433001E392F /* ProjectTests */ = {
			isa = PBXGroup;
			children = (
				3D67A92E25486433001E392F /* ProjectTests.swift */,
				3D67A93025486433001E392F /* Info.plist */,
				3D79DA1D25498A860048B7B0 /* APIGetTest.swift */,
				3D79DA2B25498F180048B7B0 /* APIPostTest.swift */,
			);
			path = ProjectTests;
			sourceTree = "<group>";
		};
		3D67A93825486433001E392F /* ProjectUITests */ = {
			isa = PBXGroup;
			children = (
				3D68FFAD254AEB010021C56F /* NotebookVC */,
				3D67A93925486433001E392F /* ProjectUITests.swift */,
				3D67A93B25486433001E392F /* Info.plist */,
			);
			path = ProjectUITests;
			sourceTree = "<group>";
		};
		3D6800D7254B5C600021C56F /* Storyboards */ = {
			isa = PBXGroup;
			children = (
				3D67A92225486433001E392F /* LaunchScreen.storyboard */,
				3D67A91A25486431001E392F /* Main.storyboard */,
			);
			path = Storyboards;
			sourceTree = "<group>";
		};
		3D68010B254B63970021C56F /* Extensions */ = {
			isa = PBXGroup;
			children = (
				3D68FF7D254AE11B0021C56F /* UIAlertController_exitIntuitive.swift */,
			);
			path = Extensions;
			sourceTree = "<group>";
		};
		3D68010F254B64050021C56F /* Helpers */ = {
			isa = PBXGroup;
			children = (
				3D2AE95425548E6900C08802 /* Helpers.swift */,
				3D6FB3BC254E9AF100CEF2C8 /* CGRect */,
				3D680113254B64210021C56F /* Extensions */,
			);
			path = Helpers;
			sourceTree = "<group>";
		};
		3D680113254B64210021C56F /* Extensions */ = {
			isa = PBXGroup;
			children = (
				3D6FB3F0254EB57600CEF2C8 /* Array */,
				3DEB76F82548DE3200763A2B /* CharacterSet */,
				3DEB76EF2548DE1400763A2B /* Dictionary */,
				3D79DA07254977A30048B7B0 /* String */,
				3D8FF4242556771800FE8DD3 /* UIView */,
			);
			path = Extensions;
			sourceTree = "<group>";
		};
		3D680135254B65370021C56F /* TableViewController */ = {
			isa = PBXGroup;
			children = (
				3DE8F4F925503B970036D5F3 /* TableViewController.swift */,
				3D6FB387254E858E00CEF2C8 /* Cell */,
				3D680136254B65410021C56F /* Extensions */,
			);
			path = TableViewController;
			sourceTree = "<group>";
		};
		3D680136254B65410021C56F /* Extensions */ = {
			isa = PBXGroup;
			children = (
				3DDC58C02551277300AC120F /* updater.swift */,
				3D42CD28255AE23900B6894C /* customCellcellForRowAt.swift */,
				3DD010F5255AF926006D67F2 /* dequeueReusableCell.swift */,
				3D42CD2A255AE2BB00B6894C /* didSelectRowAt_UserinfoVC.swift */,
				3DD010F9255AF9A0006D67F2 /* didSelectRowAt.swift */,
				3DD010F7255AF96A006D67F2 /* numberOfRowsInSection.swift */,
				3D42CD2C255AE34E00B6894C /* tableViewSetup.swift */,
				3DD010FB255AF9DF006D67F2 /* willDisplayCell.swift */,
				3D6FB432254ECDF400CEF2C8 /* navigationBar */,
			);
			path = Extensions;
			sourceTree = "<group>";
		};
		3D680137254B656B0021C56F /* UIAlertController */ = {
			isa = PBXGroup;
			children = (
				3D68010B254B63970021C56F /* Extensions */,
			);
			path = UIAlertController;
			sourceTree = "<group>";
		};
		3D68FFAD254AEB010021C56F /* NotebookVC */ = {
			isa = PBXGroup;
			children = (
				3D68FFAE254AEB420021C56F /* NotebookVCextraMenu.swift */,
			);
			path = NotebookVC;
			sourceTree = "<group>";
		};
		3D6FB387254E858E00CEF2C8 /* Cell */ = {
			isa = PBXGroup;
			children = (
				3D68FEDF254A35CC0021C56F /* CustomCell.swift */,
				3D680097254B2C640021C56F /* CustomCell.xib */,
			);
			path = Cell;
			sourceTree = "<group>";
		};
		3D6FB3BC254E9AF100CEF2C8 /* CGRect */ = {
			isa = PBXGroup;
			children = (
				3D6FB3BD254E9AFA00CEF2C8 /* center.swift */,
			);
			path = CGRect;
			sourceTree = "<group>";
		};
		3D6FB3F0254EB57600CEF2C8 /* Array */ = {
			isa = PBXGroup;
			children = (
				3D6FB3F1254EB58100CEF2C8 /* prefixArray.swift */,
			);
			path = Array;
			sourceTree = "<group>";
		};
		3D6FB432254ECDF400CEF2C8 /* navigationBar */ = {
			isa = PBXGroup;
			children = (
				3D6800FD254B616F0021C56F /* _navigationBarLeftButton.swift */,
				3D6729322551374300095BEE /* _navigationBarRightButton.swift */,
				3D68FF94254AE8B50021C56F /* navigationBarSetup.swift */,
				3D6800BA254B47900021C56F /* _navigationBarThemeConfig.swift */,
			);
			path = navigationBar;
			sourceTree = "<group>";
		};
		3D79DA07254977A30048B7B0 /* String */ = {
			isa = PBXGroup;
			children = (
				3D79DA08254977C10048B7B0 /* String_urlValid.swift */,
			);
			path = String;
			sourceTree = "<group>";
		};
		3D8FF4242556771800FE8DD3 /* UIView */ = {
			isa = PBXGroup;
			children = (
				3D8FF4252556772700FE8DD3 /* removeSubviews.swift */,
			);
			path = UIView;
			sourceTree = "<group>";
		};
		3DBF2D32255B73060037C070 /* ContextMenu */ = {
			isa = PBXGroup;
			children = (
				3D42CD18255AC6D100B6894C /* contextMenuInteraction.swift */,
			);
			path = ContextMenu;
			sourceTree = "<group>";
		};
		3DDC584E2551223100AC120F /* DatabaseWorker */ = {
			isa = PBXGroup;
			children = (
				3DF73C4325509E390053BA81 /* DatabaseWorker.swift */,
			);
			path = DatabaseWorker;
			sourceTree = "<group>";
		};
		3DDC584F2551224400AC120F /* Coredata */ = {
			isa = PBXGroup;
			children = (
				3D0FB2DC2555E3E8005006D9 /* Coredata.swift */,
			);
			path = Coredata;
			sourceTree = "<group>";
		};
		3DDC59012551324200AC120F /* NavigationController */ = {
			isa = PBXGroup;
			children = (
				3DDC59022551327500AC120F /* NavigationController.swift */,
			);
			path = NavigationController;
			sourceTree = "<group>";
		};
		3DE0A2312559F75E00672BE4 /* MapsViewController */ = {
			isa = PBXGroup;
			children = (
				3D593E37255A5DA80072D8F7 /* centerLocation.swift */,
				3DE0A2322559F76800672BE4 /* MapsViewController.swift */,
				3DE0A2342559F7F900672BE4 /* MapsViewController.xib */,
				3D593E34255A4EBA0072D8F7 /* MKPin */,
			);
			path = MapsViewController;
			sourceTree = "<group>";
		};
		3DE0A237255A229F00672BE4 /* Extensions */ = {
			isa = PBXGroup;
			children = (
				3D42CD24255ACA0B00B6894C /* _ageSetup.swift */,
				3D42CD20255AC8D700B6894C /* _emailSetup.swift */,
				3D42CD1C255AC7E500B6894C /* _genderSetup.swift */,
				3DE0A238255A22AA00672BE4 /* _locationIconConfig.swift */,
				3D42CD26255ACAA900B6894C /* _locationSetup.swift */,
				3D42CD1E255AC85600B6894C /* _nameSetup.swift */,
				3D42CD22255AC97300B6894C /* _photoSetup.swift */,
				3D42CD1A255AC78100B6894C /* _timezoneSetup.swift */,
				3DBF2D32255B73060037C070 /* ContextMenu */,
			);
			path = Extensions;
			sourceTree = "<group>";
		};
		3DEB7672254898F900763A2B /* API */ = {
			isa = PBXGroup;
			children = (
				3DEB76732548998700763A2B /* API.swift */,
				3DF73DD72550FDD40053BA81 /* Extensions */,
				3DEB76B82548C32900763A2B /* Helpers */,
				3DEB76CA2548C37600763A2B /* Protocols */,
			);
			path = API;
			sourceTree = "<group>";
		};
		3DEB76B82548C32900763A2B /* Helpers */ = {
			isa = PBXGroup;
			children = (
				3DEB76B92548C33200763A2B /* httpMethod.swift */,
				3DEB76B32548BB6B00763A2B /* Url.swift */,
			);
			path = Helpers;
			sourceTree = "<group>";
		};
		3DEB76CA2548C37600763A2B /* Protocols */ = {
			isa = PBXGroup;
			children = (
				3DF73C9A2550B5390053BA81 /* SetData.swift */,
				3DEB772425490D4100763A2B /* GET */,
				3DEB76D92548D37F00763A2B /* POST */,
			);
			path = Protocols;
			sourceTree = "<group>";
		};
		3DEB76D92548D37F00763A2B /* POST */ = {
			isa = PBXGroup;
			children = (
				3DEB76DA2548D38700763A2B /* POST.swift */,
			);
			path = POST;
			sourceTree = "<group>";
		};
		3DEB76EF2548DE1400763A2B /* Dictionary */ = {
			isa = PBXGroup;
			children = (
				3DEB76F02548DE1E00763A2B /* Dictionary_percentEncoded.swift */,
			);
			path = Dictionary;
			sourceTree = "<group>";
		};
		3DEB76F82548DE3200763A2B /* CharacterSet */ = {
			isa = PBXGroup;
			children = (
				3DEB76F92548DE3E00763A2B /* CharacterSet_urlQueryValueAllowed.swift */,
			);
			path = CharacterSet;
			sourceTree = "<group>";
		};
		3DEB772425490D4100763A2B /* GET */ = {
			isa = PBXGroup;
			children = (
				3DEB76CB2548C38800763A2B /* GET.swift */,
			);
			path = GET;
			sourceTree = "<group>";
		};
		3DF73C8B2550B2AF0053BA81 /* Protocols */ = {
			isa = PBXGroup;
			children = (
				3DF73C8C2550B2BC0053BA81 /* HandlerDelegate.swift */,
			);
			path = Protocols;
			sourceTree = "<group>";
		};
		3DF73C972550B4A50053BA81 /* Protocols */ = {
			isa = PBXGroup;
			children = (
				3DDC584F2551224400AC120F /* Coredata */,
				3DDC584E2551223100AC120F /* DatabaseWorker */,
			);
			path = Protocols;
			sourceTree = "<group>";
		};
		3DF73C982550B4C00053BA81 /* Enums */ = {
			isa = PBXGroup;
			children = (
				3DF73C3E25509D320053BA81 /* Status.swift */,
			);
			path = Enums;
			sourceTree = "<group>";
		};
		3DF73DD72550FDD40053BA81 /* Extensions */ = {
			isa = PBXGroup;
			children = (
				3DF73DD82550FDDF0053BA81 /* API_copy.swift */,
				3DD88A622558DAB700774F8D /* nukeImage.swift */,
			);
			path = Extensions;
			sourceTree = "<group>";
		};
		F438AA7D3281FBB5BCB61B07 /* Pods */ = {
			isa = PBXGroup;
			children = (
			);
			path = Pods;
			sourceTree = "<group>";
		};
/* End PBXGroup section */

/* Begin PBXNativeTarget section */
		3D67A91025486431001E392F /* Project */ = {
			isa = PBXNativeTarget;
			buildConfigurationList = 3D67A93E25486433001E392F /* Build configuration list for PBXNativeTarget "Project" */;
			buildPhases = (
				3D67A90D25486431001E392F /* Sources */,
				3D67A90E25486431001E392F /* Frameworks */,
				3D67A90F25486431001E392F /* Resources */,
			);
			buildRules = (
			);
			dependencies = (
			);
			name = Project;
			productName = Project;
			productReference = 3D67A91125486431001E392F /* Project.app */;
			productType = "com.apple.product-type.application";
		};
		3D67A92925486433001E392F /* ProjectTests */ = {
			isa = PBXNativeTarget;
			buildConfigurationList = 3D67A94125486433001E392F /* Build configuration list for PBXNativeTarget "ProjectTests" */;
			buildPhases = (
				3D67A92625486433001E392F /* Sources */,
				3D67A92725486433001E392F /* Frameworks */,
				3D67A92825486433001E392F /* Resources */,
			);
			buildRules = (
			);
			dependencies = (
				3D67A92C25486433001E392F /* PBXTargetDependency */,
			);
			name = ProjectTests;
			productName = ProjectTests;
			productReference = 3D67A92A25486433001E392F /* ProjectTests.xctest */;
			productType = "com.apple.product-type.bundle.unit-test";
		};
		3D67A93425486433001E392F /* ProjectUITests */ = {
			isa = PBXNativeTarget;
			buildConfigurationList = 3D67A94425486433001E392F /* Build configuration list for PBXNativeTarget "ProjectUITests" */;
			buildPhases = (
				3D67A93125486433001E392F /* Sources */,
				3D67A93225486433001E392F /* Frameworks */,
				3D67A93325486433001E392F /* Resources */,
			);
			buildRules = (
			);
			dependencies = (
				3D67A93725486433001E392F /* PBXTargetDependency */,
			);
			name = ProjectUITests;
			productName = ProjectUITests;
			productReference = 3D67A93525486433001E392F /* ProjectUITests.xctest */;
			productType = "com.apple.product-type.bundle.ui-testing";
		};
/* End PBXNativeTarget section */

/* Begin PBXProject section */
		3D67A90925486431001E392F /* Project object */ = {
			isa = PBXProject;
			attributes = {
				LastSwiftUpdateCheck = 1210;
				LastUpgradeCheck = 1210;
				TargetAttributes = {
					3D67A91025486431001E392F = {
						CreatedOnToolsVersion = 12.1;
					};
					3D67A92925486433001E392F = {
						CreatedOnToolsVersion = 12.1;
						TestTargetID = 3D67A91025486431001E392F;
					};
					3D67A93425486433001E392F = {
						CreatedOnToolsVersion = 12.1;
						TestTargetID = 3D67A91025486431001E392F;
					};
				};
			};
			buildConfigurationList = 3D67A90C25486431001E392F /* Build configuration list for PBXProject "Project" */;
			compatibilityVersion = "Xcode 9.3";
			developmentRegion = en;
			hasScannedForEncodings = 0;
			knownRegions = (
				en,
				Base,
			);
			mainGroup = 3D67A90825486431001E392F;
			productRefGroup = 3D67A91225486431001E392F /* Products */;
			projectDirPath = "";
			projectRoot = "";
			targets = (
				3D67A91025486431001E392F /* Project */,
				3D67A92925486433001E392F /* ProjectTests */,
				3D67A93425486433001E392F /* ProjectUITests */,
			);
		};
/* End PBXProject section */

/* Begin PBXResourcesBuildPhase section */
		3D67A90F25486431001E392F /* Resources */ = {
			isa = PBXResourcesBuildPhase;
			buildActionMask = 2147483647;
			files = (
				3D67A92425486433001E392F /* LaunchScreen.storyboard in Resources */,
				3DC7C924254F1A32001A1D83 /* CustomCell.xib in Resources */,
				3D67A91C25486431001E392F /* Main.storyboard in Resources */,
				3DE9B8F42558C3E600440AEA /* UserinfoVC.xib in Resources */,
				3DFB53052555C55B00846BCE /* Info.plist in Resources */,
				3DE0A2352559F7F900672BE4 /* MapsViewController.xib in Resources */,
				3D63AA142555C4B10066A25A /* Assets.xcassets in Resources */,
			);
			runOnlyForDeploymentPostprocessing = 0;
		};
		3D67A92825486433001E392F /* Resources */ = {
			isa = PBXResourcesBuildPhase;
			buildActionMask = 2147483647;
			files = (
				3D63AA1C2555C4B20066A25A /* Assets.xcassets in Resources */,
				3DC7C923254F1A31001A1D83 /* CustomCell.xib in Resources */,
				3DFB53092555C55C00846BCE /* Info.plist in Resources */,
			);
			runOnlyForDeploymentPostprocessing = 0;
		};
		3D67A93325486433001E392F /* Resources */ = {
			isa = PBXResourcesBuildPhase;
			buildActionMask = 2147483647;
			files = (
				3D63AA202555C4B20066A25A /* Assets.xcassets in Resources */,
				3DC7C91F254F1A31001A1D83 /* CustomCell.xib in Resources */,
				3DFB530D2555C55D00846BCE /* Info.plist in Resources */,
			);
			runOnlyForDeploymentPostprocessing = 0;
		};
/* End PBXResourcesBuildPhase section */

/* Begin PBXSourcesBuildPhase section */
		3D67A90D25486431001E392F /* Sources */ = {
			isa = PBXSourcesBuildPhase;
			buildActionMask = 2147483647;
			files = (
				3D15479E254C6B9600F6BBA2 /* Login.swift in Sources */,
				3DD010FA255AF9A0006D67F2 /* didSelectRowAt.swift in Sources */,
				3D42CD25255ACA0B00B6894C /* _ageSetup.swift in Sources */,
				3D42CD19255AC6D100B6894C /* contextMenuInteraction.swift in Sources */,
				3D68FEE0254A35CC0021C56F /* CustomCell.swift in Sources */,
				3DEB76DB2548D38700763A2B /* POST.swift in Sources */,
				3D2AE95525548E6900C08802 /* Helpers.swift in Sources */,
				3D154758254C674600F6BBA2 /* ExtensionLocation.swift in Sources */,
				3D1547B4254C6C7A00F6BBA2 /* ExtensionName.swift in Sources */,
				3DF73C9B2550B5390053BA81 /* SetData.swift in Sources */,
				3DD010F6255AF926006D67F2 /* dequeueReusableCell.swift in Sources */,
				3D42CD1D255AC7E500B6894C /* _genderSetup.swift in Sources */,
				3D593E38255A5DA80072D8F7 /* centerLocation.swift in Sources */,
				3D63A9E52555C4A00066A25A /* Project.xcdatamodeld in Sources */,
				3D63AA052555C4AD0066A25A /* SceneDelegate.swift in Sources */,
				3D4C4FEA254F4CD30052A195 /* Handler.swift in Sources */,
				3D42CD2B255AE2BB00B6894C /* didSelectRowAt_UserinfoVC.swift in Sources */,
				3D6FB3F2254EB58100CEF2C8 /* prefixArray.swift in Sources */,
				3D42CD17255AA06B00B6894C /* DateFormatter.swift in Sources */,
				3DE0A239255A22AA00672BE4 /* _locationIconConfig.swift in Sources */,
				3D154750254C672000F6BBA2 /* Location.swift in Sources */,
				3D6800FE254B616F0021C56F /* _navigationBarLeftButton.swift in Sources */,
				3D154723254C607600F6BBA2 /* ExtensionRegistered.swift in Sources */,
				3D154786254C69E200F6BBA2 /* Timezone.swift in Sources */,
				3D6800BB254B47900021C56F /* _navigationBarThemeConfig.swift in Sources */,
				3DDC58C12551277300AC120F /* updater.swift in Sources */,
				3D6704092557FB8D001EED1F /* UserinfoVC.swift in Sources */,
				3D0FB2DF2555E47B005006D9 /* extensionStorageManager.swift in Sources */,
				3D154772254C68CE00F6BBA2 /* ExtensionCoordinates.swift in Sources */,
				3DEB76FA2548DE3E00763A2B /* CharacterSet_urlQueryValueAllowed.swift in Sources */,
				3D42CD23255AC97300B6894C /* _photoSetup.swift in Sources */,
				3DEB76BA2548C33200763A2B /* httpMethod.swift in Sources */,
				3D6729332551374300095BEE /* _navigationBarRightButton.swift in Sources */,
				3DF73DD92550FDDF0053BA81 /* API_copy.swift in Sources */,
				3DEB76CC2548C38800763A2B /* GET.swift in Sources */,
				3D1546D1254C5C4D00F6BBA2 /* ExtensionResult.swift in Sources */,
				3D42CD1F255AC85600B6894C /* _nameSetup.swift in Sources */,
				3D15475D254C67B400F6BBA2 /* Postcode.swift in Sources */,
				3D15477B254C697100F6BBA2 /* Street.swift in Sources */,
				3D0FB2DD2555E3E8005006D9 /* Coredata.swift in Sources */,
				3DD010FC255AF9DF006D67F2 /* willDisplayCell.swift in Sources */,
				3D1546B8254C5AFF00F6BBA2 /* ExtensionDatabase.swift in Sources */,
				3D8FF4262556772700FE8DD3 /* removeSubviews.swift in Sources */,
				3D63A9F52555C4A80066A25A /* AppDelegate.swift in Sources */,
				3D1546ED254C5DA000F6BBA2 /* ExtensionID.swift in Sources */,
				3DEB76B42548BB6B00763A2B /* Url.swift in Sources */,
				3D1547AC254C6C4500F6BBA2 /* Name.swift in Sources */,
				3D68FF7E254AE11B0021C56F /* UIAlertController_exitIntuitive.swift in Sources */,
				3D15471B254C603C00F6BBA2 /* Registered.swift in Sources */,
				3D15478E254C69FD00F6BBA2 /* ExtensionTimezone.swift in Sources */,
				3D42CD21255AC8D700B6894C /* _emailSetup.swift in Sources */,
				3D1547C2254C6CDF00F6BBA2 /* ExtensionPicture.swift in Sources */,
				3D593E36255A4EC20072D8F7 /* MKPin.swift in Sources */,
				3D1547BA254C6C9D00F6BBA2 /* Picture.swift in Sources */,
				3D154890254CFBDD00F6BBA2 /* newJSONDecoder.swift in Sources */,
				3D1546BE254C5B6200F6BBA2 /* Info.swift in Sources */,
				3D154729254C60FC00F6BBA2 /* Gender.swift in Sources */,
				3D1546E5254C5D8600F6BBA2 /* ID.swift in Sources */,
				3D42CD27255ACAA900B6894C /* _locationSetup.swift in Sources */,
				3D42CD1B255AC78100B6894C /* _timezoneSetup.swift in Sources */,
				3D1546C6254C5B8C00F6BBA2 /* ExtensionInfo.swift in Sources */,
				3DF73C4425509E390053BA81 /* DatabaseWorker.swift in Sources */,
				3D79DA09254977C10048B7B0 /* String_urlValid.swift in Sources */,
				3DF73C3F25509D320053BA81 /* Status.swift in Sources */,
				3DE8F4FA25503B970036D5F3 /* TableViewController.swift in Sources */,
				3D1545BE254C26A500F6BBA2 /* StorageManager.swift in Sources */,
				3DF73C8D2550B2BC0053BA81 /* HandlerDelegate.swift in Sources */,
				3D15476C254C689E00F6BBA2 /* Coordinates.swift in Sources */,
				3DD88A632558DAB700774F8D /* nukeImage.swift in Sources */,
				3D1546CC254C5C2600F6BBA2 /* Results.swift in Sources */,
				3D154895254CFBFF00F6BBA2 /* newJSONEncoder.swift in Sources */,
				3D4C4FFC254F4E8D0052A195 /* JSON.swift in Sources */,
				3D1546D7254C5CBC00F6BBA2 /* Dob.swift in Sources */,
				3DE0A2332559F76800672BE4 /* MapsViewController.swift in Sources */,
				3D42CD29255AE23900B6894C /* customCellcellForRowAt.swift in Sources */,
				3D154780254C699100F6BBA2 /* ExtensionStreet.swift in Sources */,
				3DEB76742548998700763A2B /* API.swift in Sources */,
				3DDC59042551327500AC120F /* NavigationController.swift in Sources */,
				3D42CD2D255AE34E00B6894C /* tableViewSetup.swift in Sources */,
				3DEB76F12548DE1E00763A2B /* Dictionary_percentEncoded.swift in Sources */,
				3D1547A6254C6BB700F6BBA2 /* ExtensionLogin.swift in Sources */,
				3DD010F8255AF96A006D67F2 /* numberOfRowsInSection.swift in Sources */,
				3D1546B3254C5ACE00F6BBA2 /* Database.swift in Sources */,
				3D6FB3BE254E9AFA00CEF2C8 /* center.swift in Sources */,
				3D68FF95254AE8B50021C56F /* navigationBarSetup.swift in Sources */,
				3D1546DF254C5CDE00F6BBA2 /* ExtensionDob.swift in Sources */,
			);
			runOnlyForDeploymentPostprocessing = 0;
		};
		3D67A92625486433001E392F /* Sources */ = {
			isa = PBXSourcesBuildPhase;
			buildActionMask = 2147483647;
			files = (
				3D67A92F25486433001E392F /* ProjectTests.swift in Sources */,
				3D63A9EE2555C4A20066A25A /* Project.xcdatamodeld in Sources */,
				3D79DA2C25498F180048B7B0 /* APIPostTest.swift in Sources */,
				3DDC59052551327500AC120F /* NavigationController.swift in Sources */,
				3D63A9FD2555C4A90066A25A /* AppDelegate.swift in Sources */,
				3D68FEE1254A35CC0021C56F /* CustomCell.swift in Sources */,
				3D79DA1E25498A860048B7B0 /* APIGetTest.swift in Sources */,
				3D63AA092555C4AE0066A25A /* SceneDelegate.swift in Sources */,
			);
			runOnlyForDeploymentPostprocessing = 0;
		};
		3D67A93125486433001E392F /* Sources */ = {
			isa = PBXSourcesBuildPhase;
			buildActionMask = 2147483647;
			files = (
				3D63A9FE2555C4AA0066A25A /* AppDelegate.swift in Sources */,
				3D63AA0D2555C4AE0066A25A /* SceneDelegate.swift in Sources */,
				3D68FEE2254A35CC0021C56F /* CustomCell.swift in Sources */,
				3DDC59062551327500AC120F /* NavigationController.swift in Sources */,
				3D63A9ED2555C4A10066A25A /* Project.xcdatamodeld in Sources */,
				3D67A93A25486433001E392F /* ProjectUITests.swift in Sources */,
				3D68FFAF254AEB420021C56F /* NotebookVCextraMenu.swift in Sources */,
			);
			runOnlyForDeploymentPostprocessing = 0;
		};
/* End PBXSourcesBuildPhase section */

/* Begin PBXTargetDependency section */
		3D67A92C25486433001E392F /* PBXTargetDependency */ = {
			isa = PBXTargetDependency;
			target = 3D67A91025486431001E392F /* Project */;
			targetProxy = 3D67A92B25486433001E392F /* PBXContainerItemProxy */;
		};
		3D67A93725486433001E392F /* PBXTargetDependency */ = {
			isa = PBXTargetDependency;
			target = 3D67A91025486431001E392F /* Project */;
			targetProxy = 3D67A93625486433001E392F /* PBXContainerItemProxy */;
		};
/* End PBXTargetDependency section */

/* Begin PBXVariantGroup section */
		3D67A91A25486431001E392F /* Main.storyboard */ = {
			isa = PBXVariantGroup;
			children = (
				3D67A91B25486431001E392F /* Base */,
			);
			name = Main.storyboard;
			sourceTree = "<group>";
		};
		3D67A92225486433001E392F /* LaunchScreen.storyboard */ = {
			isa = PBXVariantGroup;
			children = (
				3D67A92325486433001E392F /* Base */,
			);
			name = LaunchScreen.storyboard;
			sourceTree = "<group>";
		};
/* End PBXVariantGroup section */

/* Begin XCBuildConfiguration section */
		3D67A93C25486433001E392F /* Debug */ = {
			isa = XCBuildConfiguration;
			buildSettings = {
				ALWAYS_SEARCH_USER_PATHS = NO;
				CLANG_ANALYZER_NONNULL = YES;
				CLANG_ANALYZER_NUMBER_OBJECT_CONVERSION = YES_AGGRESSIVE;
				CLANG_CXX_LANGUAGE_STANDARD = "gnu++14";
				CLANG_CXX_LIBRARY = "libc++";
				CLANG_ENABLE_MODULES = YES;
				CLANG_ENABLE_OBJC_ARC = YES;
				CLANG_ENABLE_OBJC_WEAK = YES;
				CLANG_WARN_BLOCK_CAPTURE_AUTORELEASING = YES;
				CLANG_WARN_BOOL_CONVERSION = YES;
				CLANG_WARN_COMMA = YES;
				CLANG_WARN_CONSTANT_CONVERSION = YES;
				CLANG_WARN_DEPRECATED_OBJC_IMPLEMENTATIONS = YES;
				CLANG_WARN_DIRECT_OBJC_ISA_USAGE = YES_ERROR;
				CLANG_WARN_DOCUMENTATION_COMMENTS = YES;
				CLANG_WARN_EMPTY_BODY = YES;
				CLANG_WARN_ENUM_CONVERSION = YES;
				CLANG_WARN_INFINITE_RECURSION = YES;
				CLANG_WARN_INT_CONVERSION = YES;
				CLANG_WARN_NON_LITERAL_NULL_CONVERSION = YES;
				CLANG_WARN_OBJC_IMPLICIT_RETAIN_SELF = YES;
				CLANG_WARN_OBJC_LITERAL_CONVERSION = YES;
				CLANG_WARN_OBJC_ROOT_CLASS = YES_ERROR;
				CLANG_WARN_QUOTED_INCLUDE_IN_FRAMEWORK_HEADER = YES;
				CLANG_WARN_RANGE_LOOP_ANALYSIS = YES;
				CLANG_WARN_STRICT_PROTOTYPES = YES;
				CLANG_WARN_SUSPICIOUS_MOVE = YES;
				CLANG_WARN_UNGUARDED_AVAILABILITY = YES_AGGRESSIVE;
				CLANG_WARN_UNREACHABLE_CODE = YES;
				CLANG_WARN__DUPLICATE_METHOD_MATCH = YES;
				COPY_PHASE_STRIP = NO;
				DEBUG_INFORMATION_FORMAT = dwarf;
				ENABLE_STRICT_OBJC_MSGSEND = YES;
				ENABLE_TESTABILITY = YES;
				GCC_C_LANGUAGE_STANDARD = gnu11;
				GCC_DYNAMIC_NO_PIC = NO;
				GCC_NO_COMMON_BLOCKS = YES;
				GCC_OPTIMIZATION_LEVEL = 0;
				GCC_PREPROCESSOR_DEFINITIONS = (
					"DEBUG=1",
					"$(inherited)",
				);
				GCC_WARN_64_TO_32_BIT_CONVERSION = YES;
				GCC_WARN_ABOUT_RETURN_TYPE = YES_ERROR;
				GCC_WARN_UNDECLARED_SELECTOR = YES;
				GCC_WARN_UNINITIALIZED_AUTOS = YES_AGGRESSIVE;
				GCC_WARN_UNUSED_FUNCTION = YES;
				GCC_WARN_UNUSED_VARIABLE = YES;
				IPHONEOS_DEPLOYMENT_TARGET = 13.0;
				MTL_ENABLE_DEBUG_INFO = INCLUDE_SOURCE;
				MTL_FAST_MATH = YES;
				ONLY_ACTIVE_ARCH = YES;
				SDKROOT = iphoneos;
				SWIFT_ACTIVE_COMPILATION_CONDITIONS = DEBUG;
				SWIFT_OPTIMIZATION_LEVEL = "-Onone";
			};
			name = Debug;
		};
		3D67A93D25486433001E392F /* Release */ = {
			isa = XCBuildConfiguration;
			buildSettings = {
				ALWAYS_SEARCH_USER_PATHS = NO;
				CLANG_ANALYZER_NONNULL = YES;
				CLANG_ANALYZER_NUMBER_OBJECT_CONVERSION = YES_AGGRESSIVE;
				CLANG_CXX_LANGUAGE_STANDARD = "gnu++14";
				CLANG_CXX_LIBRARY = "libc++";
				CLANG_ENABLE_MODULES = YES;
				CLANG_ENABLE_OBJC_ARC = YES;
				CLANG_ENABLE_OBJC_WEAK = YES;
				CLANG_WARN_BLOCK_CAPTURE_AUTORELEASING = YES;
				CLANG_WARN_BOOL_CONVERSION = YES;
				CLANG_WARN_COMMA = YES;
				CLANG_WARN_CONSTANT_CONVERSION = YES;
				CLANG_WARN_DEPRECATED_OBJC_IMPLEMENTATIONS = YES;
				CLANG_WARN_DIRECT_OBJC_ISA_USAGE = YES_ERROR;
				CLANG_WARN_DOCUMENTATION_COMMENTS = YES;
				CLANG_WARN_EMPTY_BODY = YES;
				CLANG_WARN_ENUM_CONVERSION = YES;
				CLANG_WARN_INFINITE_RECURSION = YES;
				CLANG_WARN_INT_CONVERSION = YES;
				CLANG_WARN_NON_LITERAL_NULL_CONVERSION = YES;
				CLANG_WARN_OBJC_IMPLICIT_RETAIN_SELF = YES;
				CLANG_WARN_OBJC_LITERAL_CONVERSION = YES;
				CLANG_WARN_OBJC_ROOT_CLASS = YES_ERROR;
				CLANG_WARN_QUOTED_INCLUDE_IN_FRAMEWORK_HEADER = YES;
				CLANG_WARN_RANGE_LOOP_ANALYSIS = YES;
				CLANG_WARN_STRICT_PROTOTYPES = YES;
				CLANG_WARN_SUSPICIOUS_MOVE = YES;
				CLANG_WARN_UNGUARDED_AVAILABILITY = YES_AGGRESSIVE;
				CLANG_WARN_UNREACHABLE_CODE = YES;
				CLANG_WARN__DUPLICATE_METHOD_MATCH = YES;
				COPY_PHASE_STRIP = NO;
				DEBUG_INFORMATION_FORMAT = "dwarf-with-dsym";
				ENABLE_NS_ASSERTIONS = NO;
				ENABLE_STRICT_OBJC_MSGSEND = YES;
				GCC_C_LANGUAGE_STANDARD = gnu11;
				GCC_NO_COMMON_BLOCKS = YES;
				GCC_WARN_64_TO_32_BIT_CONVERSION = YES;
				GCC_WARN_ABOUT_RETURN_TYPE = YES_ERROR;
				GCC_WARN_UNDECLARED_SELECTOR = YES;
				GCC_WARN_UNINITIALIZED_AUTOS = YES_AGGRESSIVE;
				GCC_WARN_UNUSED_FUNCTION = YES;
				GCC_WARN_UNUSED_VARIABLE = YES;
				IPHONEOS_DEPLOYMENT_TARGET = 13.0;
				MTL_ENABLE_DEBUG_INFO = NO;
				MTL_FAST_MATH = YES;
				SDKROOT = iphoneos;
				SWIFT_COMPILATION_MODE = wholemodule;
				SWIFT_OPTIMIZATION_LEVEL = "-O";
				VALIDATE_PRODUCT = YES;
			};
			name = Release;
		};
		3D67A93F25486433001E392F /* Debug */ = {
			isa = XCBuildConfiguration;
			buildSettings = {
				ASSETCATALOG_COMPILER_APPICON_NAME = AppIcon;
				ASSETCATALOG_COMPILER_GLOBAL_ACCENT_COLOR_NAME = AccentColor;
				CODE_SIGN_IDENTITY = "Apple Development";
				CODE_SIGN_STYLE = Automatic;
				CURRENT_PROJECT_VERSION = 41;
				DEVELOPMENT_TEAM = KXDT64LHVB;
				INFOPLIST_FILE = Project/Info.plist;
				IPHONEOS_DEPLOYMENT_TARGET = 13.0;
				LD_RUNPATH_SEARCH_PATHS = (
					"$(inherited)",
					"@executable_path/Frameworks",
				);
				PRODUCT_BUNDLE_IDENTIFIER = "Sergey-Fedotov.Project";
				PRODUCT_NAME = "$(TARGET_NAME)";
				PROVISIONING_PROFILE_SPECIFIER = "";
				SWIFT_VERSION = 5.0;
				TARGETED_DEVICE_FAMILY = 1;
			};
			name = Debug;
		};
		3D67A94025486433001E392F /* Release */ = {
			isa = XCBuildConfiguration;
			buildSettings = {
				ASSETCATALOG_COMPILER_APPICON_NAME = AppIcon;
				ASSETCATALOG_COMPILER_GLOBAL_ACCENT_COLOR_NAME = AccentColor;
				CODE_SIGN_IDENTITY = "Apple Development";
				CODE_SIGN_STYLE = Automatic;
				CURRENT_PROJECT_VERSION = 41;
				DEVELOPMENT_TEAM = KXDT64LHVB;
				INFOPLIST_FILE = Project/Info.plist;
				IPHONEOS_DEPLOYMENT_TARGET = 13.0;
				LD_RUNPATH_SEARCH_PATHS = (
					"$(inherited)",
					"@executable_path/Frameworks",
				);
				PRODUCT_BUNDLE_IDENTIFIER = "Sergey-Fedotov.Project";
				PRODUCT_NAME = "$(TARGET_NAME)";
				PROVISIONING_PROFILE_SPECIFIER = "";
				SWIFT_VERSION = 5.0;
				TARGETED_DEVICE_FAMILY = 1;
			};
			name = Release;
		};
		3D67A94225486433001E392F /* Debug */ = {
			isa = XCBuildConfiguration;
			buildSettings = {
				ALWAYS_EMBED_SWIFT_STANDARD_LIBRARIES = YES;
				BUNDLE_LOADER = "$(TEST_HOST)";
				CODE_SIGN_STYLE = Automatic;
				DEVELOPMENT_TEAM = KXDT64LHVB;
				INFOPLIST_FILE = ProjectTests/Info.plist;
				IPHONEOS_DEPLOYMENT_TARGET = 14.1;
				LD_RUNPATH_SEARCH_PATHS = (
					"$(inherited)",
					"@executable_path/Frameworks",
					"@loader_path/Frameworks",
				);
				PRODUCT_BUNDLE_IDENTIFIER = "Sergey-Fedotov.ProjectTests";
				PRODUCT_NAME = "$(TARGET_NAME)";
				SWIFT_VERSION = 5.0;
				TARGETED_DEVICE_FAMILY = "1,2";
				TEST_HOST = "$(BUILT_PRODUCTS_DIR)/Project.app/Project";
			};
			name = Debug;
		};
		3D67A94325486433001E392F /* Release */ = {
			isa = XCBuildConfiguration;
			buildSettings = {
				ALWAYS_EMBED_SWIFT_STANDARD_LIBRARIES = YES;
				BUNDLE_LOADER = "$(TEST_HOST)";
				CODE_SIGN_STYLE = Automatic;
				DEVELOPMENT_TEAM = KXDT64LHVB;
				INFOPLIST_FILE = ProjectTests/Info.plist;
				IPHONEOS_DEPLOYMENT_TARGET = 14.1;
				LD_RUNPATH_SEARCH_PATHS = (
					"$(inherited)",
					"@executable_path/Frameworks",
					"@loader_path/Frameworks",
				);
				PRODUCT_BUNDLE_IDENTIFIER = "Sergey-Fedotov.ProjectTests";
				PRODUCT_NAME = "$(TARGET_NAME)";
				SWIFT_VERSION = 5.0;
				TARGETED_DEVICE_FAMILY = "1,2";
				TEST_HOST = "$(BUILT_PRODUCTS_DIR)/Project.app/Project";
			};
			name = Release;
		};
		3D67A94525486433001E392F /* Debug */ = {
			isa = XCBuildConfiguration;
			buildSettings = {
				ALWAYS_EMBED_SWIFT_STANDARD_LIBRARIES = YES;
				CODE_SIGN_STYLE = Automatic;
				DEVELOPMENT_TEAM = KXDT64LHVB;
				INFOPLIST_FILE = ProjectUITests/Info.plist;
				LD_RUNPATH_SEARCH_PATHS = (
					"$(inherited)",
					"@executable_path/Frameworks",
					"@loader_path/Frameworks",
				);
				PRODUCT_BUNDLE_IDENTIFIER = "Sergey-Fedotov.ProjectUITests";
				PRODUCT_NAME = "$(TARGET_NAME)";
				SWIFT_VERSION = 5.0;
				TARGETED_DEVICE_FAMILY = "1,2";
				TEST_TARGET_NAME = Project;
			};
			name = Debug;
		};
		3D67A94625486433001E392F /* Release */ = {
			isa = XCBuildConfiguration;
			buildSettings = {
				ALWAYS_EMBED_SWIFT_STANDARD_LIBRARIES = YES;
				CODE_SIGN_STYLE = Automatic;
				DEVELOPMENT_TEAM = KXDT64LHVB;
				INFOPLIST_FILE = ProjectUITests/Info.plist;
				LD_RUNPATH_SEARCH_PATHS = (
					"$(inherited)",
					"@executable_path/Frameworks",
					"@loader_path/Frameworks",
				);
				PRODUCT_BUNDLE_IDENTIFIER = "Sergey-Fedotov.ProjectUITests";
				PRODUCT_NAME = "$(TARGET_NAME)";
				SWIFT_VERSION = 5.0;
				TARGETED_DEVICE_FAMILY = "1,2";
				TEST_TARGET_NAME = Project;
			};
			name = Release;
		};
/* End XCBuildConfiguration section */

/* Begin XCConfigurationList section */
		3D67A90C25486431001E392F /* Build configuration list for PBXProject "Project" */ = {
			isa = XCConfigurationList;
			buildConfigurations = (
				3D67A93C25486433001E392F /* Debug */,
				3D67A93D25486433001E392F /* Release */,
			);
			defaultConfigurationIsVisible = 0;
			defaultConfigurationName = Release;
		};
		3D67A93E25486433001E392F /* Build configuration list for PBXNativeTarget "Project" */ = {
			isa = XCConfigurationList;
			buildConfigurations = (
				3D67A93F25486433001E392F /* Debug */,
				3D67A94025486433001E392F /* Release */,
			);
			defaultConfigurationIsVisible = 0;
			defaultConfigurationName = Release;
		};
		3D67A94125486433001E392F /* Build configuration list for PBXNativeTarget "ProjectTests" */ = {
			isa = XCConfigurationList;
			buildConfigurations = (
				3D67A94225486433001E392F /* Debug */,
				3D67A94325486433001E392F /* Release */,
			);
			defaultConfigurationIsVisible = 0;
			defaultConfigurationName = Release;
		};
		3D67A94425486433001E392F /* Build configuration list for PBXNativeTarget "ProjectUITests" */ = {
			isa = XCConfigurationList;
			buildConfigurations = (
				3D67A94525486433001E392F /* Debug */,
				3D67A94625486433001E392F /* Release */,
			);
			defaultConfigurationIsVisible = 0;
			defaultConfigurationName = Release;
		};
/* End XCConfigurationList section */

/* Begin XCVersionGroup section */
		3D67A91D25486431001E392F /* Project.xcdatamodeld */ = {
			isa = XCVersionGroup;
			children = (
				3D67A91E25486431001E392F /* Project.xcdatamodel */,
			);
			currentVersion = 3D67A91E25486431001E392F /* Project.xcdatamodel */;
			path = Project.xcdatamodeld;
			sourceTree = "<group>";
			versionGroupType = wrapper.xcdatamodel;
		};
/* End XCVersionGroup section */
	};
	rootObject = 3D67A90925486431001E392F /* Project object */;
}
