// !$*UTF8*$!
{
	archiveVersion = 1;
	classes = {
	};
	objectVersion = 50;
	objects = {

/* Begin PBXBuildFile section */
		3D67A91525486431001E392F /* AppDelegate.swift in Sources */ = {isa = PBXBuildFile; fileRef = 3D67A91425486431001E392F /* AppDelegate.swift */; };
		3D67A91725486431001E392F /* SceneDelegate.swift in Sources */ = {isa = PBXBuildFile; fileRef = 3D67A91625486431001E392F /* SceneDelegate.swift */; };
		3D67A91925486431001E392F /* ViewController.swift in Sources */ = {isa = PBXBuildFile; fileRef = 3D67A91825486431001E392F /* ViewController.swift */; };
		3D67A91C25486431001E392F /* Main.storyboard in Resources */ = {isa = PBXBuildFile; fileRef = 3D67A91A25486431001E392F /* Main.storyboard */; };
		3D67A91F25486431001E392F /* Project.xcdatamodeld in Sources */ = {isa = PBXBuildFile; fileRef = 3D67A91D25486431001E392F /* Project.xcdatamodeld */; };
		3D67A92125486433001E392F /* Assets.xcassets in Resources */ = {isa = PBXBuildFile; fileRef = 3D67A92025486433001E392F /* Assets.xcassets */; };
		3D67A92425486433001E392F /* LaunchScreen.storyboard in Resources */ = {isa = PBXBuildFile; fileRef = 3D67A92225486433001E392F /* LaunchScreen.storyboard */; };
		3D67A92F25486433001E392F /* ProjectTests.swift in Sources */ = {isa = PBXBuildFile; fileRef = 3D67A92E25486433001E392F /* ProjectTests.swift */; };
		3D67A93A25486433001E392F /* ProjectUITests.swift in Sources */ = {isa = PBXBuildFile; fileRef = 3D67A93925486433001E392F /* ProjectUITests.swift */; };
		3DEB76742548998700763A2B /* API.swift in Sources */ = {isa = PBXBuildFile; fileRef = 3DEB76732548998700763A2B /* API.swift */; };
		3DEB767C254899F400763A2B /* ParserStruct.swift in Sources */ = {isa = PBXBuildFile; fileRef = 3DEB767B254899F400763A2B /* ParserStruct.swift */; };
		3DEB76A82548ABEF00763A2B /* Parser.swift in Sources */ = {isa = PBXBuildFile; fileRef = 3DEB76A72548ABEF00763A2B /* Parser.swift */; };
		3DEB76B42548BB6B00763A2B /* URLs.swift in Sources */ = {isa = PBXBuildFile; fileRef = 3DEB76B32548BB6B00763A2B /* URLs.swift */; };
		3DEB76BA2548C33200763A2B /* Method.swift in Sources */ = {isa = PBXBuildFile; fileRef = 3DEB76B92548C33200763A2B /* Method.swift */; };
		3DEB76CC2548C38800763A2B /* GET.swift in Sources */ = {isa = PBXBuildFile; fileRef = 3DEB76CB2548C38800763A2B /* GET.swift */; };
		3DEB76DB2548D38700763A2B /* POST.swift in Sources */ = {isa = PBXBuildFile; fileRef = 3DEB76DA2548D38700763A2B /* POST.swift */; };
		3DEB76F12548DE1E00763A2B /* PercentEncoded.swift in Sources */ = {isa = PBXBuildFile; fileRef = 3DEB76F02548DE1E00763A2B /* PercentEncoded.swift */; };
		3DEB76FA2548DE3E00763A2B /* UrlQueryValueAllowed.swift in Sources */ = {isa = PBXBuildFile; fileRef = 3DEB76F92548DE3E00763A2B /* UrlQueryValueAllowed.swift */; };
/* End PBXBuildFile section */

/* Begin PBXContainerItemProxy section */
		3D67A92B25486433001E392F /* PBXContainerItemProxy */ = {
			isa = PBXContainerItemProxy;
			containerPortal = 3D67A90925486431001E392F /* Project object */;
			proxyType = 1;
			remoteGlobalIDString = 3D67A91025486431001E392F;
			remoteInfo = Project;
		};
		3D67A93625486433001E392F /* PBXContainerItemProxy */ = {
			isa = PBXContainerItemProxy;
			containerPortal = 3D67A90925486431001E392F /* Project object */;
			proxyType = 1;
			remoteGlobalIDString = 3D67A91025486431001E392F;
			remoteInfo = Project;
		};
/* End PBXContainerItemProxy section */

/* Begin PBXFileReference section */
		3D67A91125486431001E392F /* Project.app */ = {isa = PBXFileReference; explicitFileType = wrapper.application; includeInIndex = 0; path = Project.app; sourceTree = BUILT_PRODUCTS_DIR; };
		3D67A91425486431001E392F /* AppDelegate.swift */ = {isa = PBXFileReference; lastKnownFileType = sourcecode.swift; path = AppDelegate.swift; sourceTree = "<group>"; };
		3D67A91625486431001E392F /* SceneDelegate.swift */ = {isa = PBXFileReference; lastKnownFileType = sourcecode.swift; path = SceneDelegate.swift; sourceTree = "<group>"; };
		3D67A91825486431001E392F /* ViewController.swift */ = {isa = PBXFileReference; lastKnownFileType = sourcecode.swift; path = ViewController.swift; sourceTree = "<group>"; };
		3D67A91B25486431001E392F /* Base */ = {isa = PBXFileReference; lastKnownFileType = file.storyboard; name = Base; path = Base.lproj/Main.storyboard; sourceTree = "<group>"; };
		3D67A91E25486431001E392F /* Project.xcdatamodel */ = {isa = PBXFileReference; lastKnownFileType = wrapper.xcdatamodel; path = Project.xcdatamodel; sourceTree = "<group>"; };
		3D67A92025486433001E392F /* Assets.xcassets */ = {isa = PBXFileReference; lastKnownFileType = folder.assetcatalog; path = Assets.xcassets; sourceTree = "<group>"; };
		3D67A92325486433001E392F /* Base */ = {isa = PBXFileReference; lastKnownFileType = file.storyboard; name = Base; path = Base.lproj/LaunchScreen.storyboard; sourceTree = "<group>"; };
		3D67A92525486433001E392F /* Info.plist */ = {isa = PBXFileReference; lastKnownFileType = text.plist.xml; path = Info.plist; sourceTree = "<group>"; };
		3D67A92A25486433001E392F /* ProjectTests.xctest */ = {isa = PBXFileReference; explicitFileType = wrapper.cfbundle; includeInIndex = 0; path = ProjectTests.xctest; sourceTree = BUILT_PRODUCTS_DIR; };
		3D67A92E25486433001E392F /* ProjectTests.swift */ = {isa = PBXFileReference; lastKnownFileType = sourcecode.swift; path = ProjectTests.swift; sourceTree = "<group>"; };
		3D67A93025486433001E392F /* Info.plist */ = {isa = PBXFileReference; lastKnownFileType = text.plist.xml; path = Info.plist; sourceTree = "<group>"; };
		3D67A93525486433001E392F /* ProjectUITests.xctest */ = {isa = PBXFileReference; explicitFileType = wrapper.cfbundle; includeInIndex = 0; path = ProjectUITests.xctest; sourceTree = BUILT_PRODUCTS_DIR; };
		3D67A93925486433001E392F /* ProjectUITests.swift */ = {isa = PBXFileReference; lastKnownFileType = sourcecode.swift; path = ProjectUITests.swift; sourceTree = "<group>"; };
		3D67A93B25486433001E392F /* Info.plist */ = {isa = PBXFileReference; lastKnownFileType = text.plist.xml; path = Info.plist; sourceTree = "<group>"; };
		3DEB76732548998700763A2B /* API.swift */ = {isa = PBXFileReference; lastKnownFileType = sourcecode.swift; path = API.swift; sourceTree = "<group>"; };
		3DEB767B254899F400763A2B /* ParserStruct.swift */ = {isa = PBXFileReference; lastKnownFileType = sourcecode.swift; path = ParserStruct.swift; sourceTree = "<group>"; };
		3DEB76A72548ABEF00763A2B /* Parser.swift */ = {isa = PBXFileReference; lastKnownFileType = sourcecode.swift; path = Parser.swift; sourceTree = "<group>"; };
		3DEB76B32548BB6B00763A2B /* URLs.swift */ = {isa = PBXFileReference; lastKnownFileType = sourcecode.swift; path = URLs.swift; sourceTree = "<group>"; };
		3DEB76B92548C33200763A2B /* Method.swift */ = {isa = PBXFileReference; lastKnownFileType = sourcecode.swift; path = Method.swift; sourceTree = "<group>"; };
		3DEB76CB2548C38800763A2B /* GET.swift */ = {isa = PBXFileReference; lastKnownFileType = sourcecode.swift; path = GET.swift; sourceTree = "<group>"; };
		3DEB76DA2548D38700763A2B /* POST.swift */ = {isa = PBXFileReference; lastKnownFileType = sourcecode.swift; path = POST.swift; sourceTree = "<group>"; };
		3DEB76F02548DE1E00763A2B /* PercentEncoded.swift */ = {isa = PBXFileReference; lastKnownFileType = sourcecode.swift; path = PercentEncoded.swift; sourceTree = "<group>"; };
		3DEB76F92548DE3E00763A2B /* UrlQueryValueAllowed.swift */ = {isa = PBXFileReference; lastKnownFileType = sourcecode.swift; path = UrlQueryValueAllowed.swift; sourceTree = "<group>"; };
/* End PBXFileReference section */

/* Begin PBXFrameworksBuildPhase section */
		3D67A90E25486431001E392F /* Frameworks */ = {
			isa = PBXFrameworksBuildPhase;
			buildActionMask = 2147483647;
			files = (
			);
			runOnlyForDeploymentPostprocessing = 0;
		};
		3D67A92725486433001E392F /* Frameworks */ = {
			isa = PBXFrameworksBuildPhase;
			buildActionMask = 2147483647;
			files = (
			);
			runOnlyForDeploymentPostprocessing = 0;
		};
		3D67A93225486433001E392F /* Frameworks */ = {
			isa = PBXFrameworksBuildPhase;
			buildActionMask = 2147483647;
			files = (
			);
			runOnlyForDeploymentPostprocessing = 0;
		};
/* End PBXFrameworksBuildPhase section */

/* Begin PBXGroup section */
		3D67A90825486431001E392F = {
			isa = PBXGroup;
			children = (
				3D67A91325486431001E392F /* Project */,
				3D67A92D25486433001E392F /* ProjectTests */,
				3D67A93825486433001E392F /* ProjectUITests */,
				3D67A91225486431001E392F /* Products */,
			);
			sourceTree = "<group>";
		};
		3D67A91225486431001E392F /* Products */ = {
			isa = PBXGroup;
			children = (
				3D67A91125486431001E392F /* Project.app */,
				3D67A92A25486433001E392F /* ProjectTests.xctest */,
				3D67A93525486433001E392F /* ProjectUITests.xctest */,
			);
			name = Products;
			sourceTree = "<group>";
		};
		3D67A91325486431001E392F /* Project */ = {
			isa = PBXGroup;
			children = (
				3DEB7672254898F900763A2B /* API */,
				3D67A91425486431001E392F /* AppDelegate.swift */,
				3D67A91625486431001E392F /* SceneDelegate.swift */,
				3D67A91825486431001E392F /* ViewController.swift */,
				3D67A91A25486431001E392F /* Main.storyboard */,
				3D67A92025486433001E392F /* Assets.xcassets */,
				3D67A92225486433001E392F /* LaunchScreen.storyboard */,
				3D67A92525486433001E392F /* Info.plist */,
				3D67A91D25486431001E392F /* Project.xcdatamodeld */,
			);
			path = Project;
			sourceTree = "<group>";
		};
		3D67A92D25486433001E392F /* ProjectTests */ = {
			isa = PBXGroup;
			children = (
				3D67A92E25486433001E392F /* ProjectTests.swift */,
				3D67A93025486433001E392F /* Info.plist */,
			);
			path = ProjectTests;
			sourceTree = "<group>";
		};
		3D67A93825486433001E392F /* ProjectUITests */ = {
			isa = PBXGroup;
			children = (
				3D67A93925486433001E392F /* ProjectUITests.swift */,
				3D67A93B25486433001E392F /* Info.plist */,
			);
			path = ProjectUITests;
			sourceTree = "<group>";
		};
		3DEB7672254898F900763A2B /* API */ = {
			isa = PBXGroup;
			children = (
				3DEB76D92548D37F00763A2B /* POST */,
				3DEB76CA2548C37600763A2B /* Protocols */,
				3DEB76B82548C32900763A2B /* Helpers */,
				3DEB76732548998700763A2B /* API.swift */,
				3DEB767B254899F400763A2B /* ParserStruct.swift */,
				3DEB76A72548ABEF00763A2B /* Parser.swift */,
			);
			path = API;
			sourceTree = "<group>";
		};
		3DEB76B82548C32900763A2B /* Helpers */ = {
			isa = PBXGroup;
			children = (
				3DEB76EE2548DDC900763A2B /* Extensions */,
				3DEB76B32548BB6B00763A2B /* URLs.swift */,
				3DEB76B92548C33200763A2B /* Method.swift */,
			);
			path = Helpers;
			sourceTree = "<group>";
		};
		3DEB76CA2548C37600763A2B /* Protocols */ = {
			isa = PBXGroup;
			children = (
				3DEB76CB2548C38800763A2B /* GET.swift */,
			);
			path = Protocols;
			sourceTree = "<group>";
		};
		3DEB76D92548D37F00763A2B /* POST */ = {
			isa = PBXGroup;
			children = (
				3DEB76DA2548D38700763A2B /* POST.swift */,
			);
			path = POST;
			sourceTree = "<group>";
		};
		3DEB76EE2548DDC900763A2B /* Extensions */ = {
			isa = PBXGroup;
			children = (
				3DEB76F82548DE3200763A2B /* CharacterSet */,
				3DEB76EF2548DE1400763A2B /* Dictionary */,
			);
			path = Extensions;
			sourceTree = "<group>";
		};
		3DEB76EF2548DE1400763A2B /* Dictionary */ = {
			isa = PBXGroup;
			children = (
				3DEB76F02548DE1E00763A2B /* PercentEncoded.swift */,
			);
			path = Dictionary;
			sourceTree = "<group>";
		};
		3DEB76F82548DE3200763A2B /* CharacterSet */ = {
			isa = PBXGroup;
			children = (
				3DEB76F92548DE3E00763A2B /* UrlQueryValueAllowed.swift */,
			);
			path = CharacterSet;
			sourceTree = "<group>";
		};
/* End PBXGroup section */

/* Begin PBXNativeTarget section */
		3D67A91025486431001E392F /* Project */ = {
			isa = PBXNativeTarget;
			buildConfigurationList = 3D67A93E25486433001E392F /* Build configuration list for PBXNativeTarget "Project" */;
			buildPhases = (
				3D67A90D25486431001E392F /* Sources */,
				3D67A90E25486431001E392F /* Frameworks */,
				3D67A90F25486431001E392F /* Resources */,
			);
			buildRules = (
			);
			dependencies = (
			);
			name = Project;
			productName = Project;
			productReference = 3D67A91125486431001E392F /* Project.app */;
			productType = "com.apple.product-type.application";
		};
		3D67A92925486433001E392F /* ProjectTests */ = {
			isa = PBXNativeTarget;
			buildConfigurationList = 3D67A94125486433001E392F /* Build configuration list for PBXNativeTarget "ProjectTests" */;
			buildPhases = (
				3D67A92625486433001E392F /* Sources */,
				3D67A92725486433001E392F /* Frameworks */,
				3D67A92825486433001E392F /* Resources */,
			);
			buildRules = (
			);
			dependencies = (
				3D67A92C25486433001E392F /* PBXTargetDependency */,
			);
			name = ProjectTests;
			productName = ProjectTests;
			productReference = 3D67A92A25486433001E392F /* ProjectTests.xctest */;
			productType = "com.apple.product-type.bundle.unit-test";
		};
		3D67A93425486433001E392F /* ProjectUITests */ = {
			isa = PBXNativeTarget;
			buildConfigurationList = 3D67A94425486433001E392F /* Build configuration list for PBXNativeTarget "ProjectUITests" */;
			buildPhases = (
				3D67A93125486433001E392F /* Sources */,
				3D67A93225486433001E392F /* Frameworks */,
				3D67A93325486433001E392F /* Resources */,
			);
			buildRules = (
			);
			dependencies = (
				3D67A93725486433001E392F /* PBXTargetDependency */,
			);
			name = ProjectUITests;
			productName = ProjectUITests;
			productReference = 3D67A93525486433001E392F /* ProjectUITests.xctest */;
			productType = "com.apple.product-type.bundle.ui-testing";
		};
/* End PBXNativeTarget section */

/* Begin PBXProject section */
		3D67A90925486431001E392F /* Project object */ = {
			isa = PBXProject;
			attributes = {
				LastSwiftUpdateCheck = 1210;
				LastUpgradeCheck = 1210;
				TargetAttributes = {
					3D67A91025486431001E392F = {
						CreatedOnToolsVersion = 12.1;
					};
					3D67A92925486433001E392F = {
						CreatedOnToolsVersion = 12.1;
						TestTargetID = 3D67A91025486431001E392F;
					};
					3D67A93425486433001E392F = {
						CreatedOnToolsVersion = 12.1;
						TestTargetID = 3D67A91025486431001E392F;
					};
				};
			};
			buildConfigurationList = 3D67A90C25486431001E392F /* Build configuration list for PBXProject "Project" */;
			compatibilityVersion = "Xcode 9.3";
			developmentRegion = en;
			hasScannedForEncodings = 0;
			knownRegions = (
				en,
				Base,
			);
			mainGroup = 3D67A90825486431001E392F;
			productRefGroup = 3D67A91225486431001E392F /* Products */;
			projectDirPath = "";
			projectRoot = "";
			targets = (
				3D67A91025486431001E392F /* Project */,
				3D67A92925486433001E392F /* ProjectTests */,
				3D67A93425486433001E392F /* ProjectUITests */,
			);
		};
/* End PBXProject section */

/* Begin PBXResourcesBuildPhase section */
		3D67A90F25486431001E392F /* Resources */ = {
			isa = PBXResourcesBuildPhase;
			buildActionMask = 2147483647;
			files = (
				3D67A92425486433001E392F /* LaunchScreen.storyboard in Resources */,
				3D67A92125486433001E392F /* Assets.xcassets in Resources */,
				3D67A91C25486431001E392F /* Main.storyboard in Resources */,
			);
			runOnlyForDeploymentPostprocessing = 0;
		};
		3D67A92825486433001E392F /* Resources */ = {
			isa = PBXResourcesBuildPhase;
			buildActionMask = 2147483647;
			files = (
			);
			runOnlyForDeploymentPostprocessing = 0;
		};
		3D67A93325486433001E392F /* Resources */ = {
			isa = PBXResourcesBuildPhase;
			buildActionMask = 2147483647;
			files = (
			);
			runOnlyForDeploymentPostprocessing = 0;
		};
/* End PBXResourcesBuildPhase section */

/* Begin PBXSourcesBuildPhase section */
		3D67A90D25486431001E392F /* Sources */ = {
			isa = PBXSourcesBuildPhase;
			buildActionMask = 2147483647;
			files = (
				3DEB76DB2548D38700763A2B /* POST.swift in Sources */,
				3DEB76FA2548DE3E00763A2B /* UrlQueryValueAllowed.swift in Sources */,
				3DEB76BA2548C33200763A2B /* Method.swift in Sources */,
				3D67A91925486431001E392F /* ViewController.swift in Sources */,
				3D67A91525486431001E392F /* AppDelegate.swift in Sources */,
				3DEB767C254899F400763A2B /* ParserStruct.swift in Sources */,
				3DEB76CC2548C38800763A2B /* GET.swift in Sources */,
				3DEB76B42548BB6B00763A2B /* URLs.swift in Sources */,
				3D67A91725486431001E392F /* SceneDelegate.swift in Sources */,
				3D67A91F25486431001E392F /* Project.xcdatamodeld in Sources */,
				3DEB76742548998700763A2B /* API.swift in Sources */,
				3DEB76F12548DE1E00763A2B /* PercentEncoded.swift in Sources */,
				3DEB76A82548ABEF00763A2B /* Parser.swift in Sources */,
			);
			runOnlyForDeploymentPostprocessing = 0;
		};
		3D67A92625486433001E392F /* Sources */ = {
			isa = PBXSourcesBuildPhase;
			buildActionMask = 2147483647;
			files = (
				3D67A92F25486433001E392F /* ProjectTests.swift in Sources */,
			);
			runOnlyForDeploymentPostprocessing = 0;
		};
		3D67A93125486433001E392F /* Sources */ = {
			isa = PBXSourcesBuildPhase;
			buildActionMask = 2147483647;
			files = (
				3D67A93A25486433001E392F /* ProjectUITests.swift in Sources */,
			);
			runOnlyForDeploymentPostprocessing = 0;
		};
/* End PBXSourcesBuildPhase section */

/* Begin PBXTargetDependency section */
		3D67A92C25486433001E392F /* PBXTargetDependency */ = {
			isa = PBXTargetDependency;
			target = 3D67A91025486431001E392F /* Project */;
			targetProxy = 3D67A92B25486433001E392F /* PBXContainerItemProxy */;
		};
		3D67A93725486433001E392F /* PBXTargetDependency */ = {
			isa = PBXTargetDependency;
			target = 3D67A91025486431001E392F /* Project */;
			targetProxy = 3D67A93625486433001E392F /* PBXContainerItemProxy */;
		};
/* End PBXTargetDependency section */

/* Begin PBXVariantGroup section */
		3D67A91A25486431001E392F /* Main.storyboard */ = {
			isa = PBXVariantGroup;
			children = (
				3D67A91B25486431001E392F /* Base */,
			);
			name = Main.storyboard;
			sourceTree = "<group>";
		};
		3D67A92225486433001E392F /* LaunchScreen.storyboard */ = {
			isa = PBXVariantGroup;
			children = (
				3D67A92325486433001E392F /* Base */,
			);
			name = LaunchScreen.storyboard;
			sourceTree = "<group>";
		};
/* End PBXVariantGroup section */

/* Begin XCBuildConfiguration section */
		3D67A93C25486433001E392F /* Debug */ = {
			isa = XCBuildConfiguration;
			buildSettings = {
				ALWAYS_SEARCH_USER_PATHS = NO;
				CLANG_ANALYZER_NONNULL = YES;
				CLANG_ANALYZER_NUMBER_OBJECT_CONVERSION = YES_AGGRESSIVE;
				CLANG_CXX_LANGUAGE_STANDARD = "gnu++14";
				CLANG_CXX_LIBRARY = "libc++";
				CLANG_ENABLE_MODULES = YES;
				CLANG_ENABLE_OBJC_ARC = YES;
				CLANG_ENABLE_OBJC_WEAK = YES;
				CLANG_WARN_BLOCK_CAPTURE_AUTORELEASING = YES;
				CLANG_WARN_BOOL_CONVERSION = YES;
				CLANG_WARN_COMMA = YES;
				CLANG_WARN_CONSTANT_CONVERSION = YES;
				CLANG_WARN_DEPRECATED_OBJC_IMPLEMENTATIONS = YES;
				CLANG_WARN_DIRECT_OBJC_ISA_USAGE = YES_ERROR;
				CLANG_WARN_DOCUMENTATION_COMMENTS = YES;
				CLANG_WARN_EMPTY_BODY = YES;
				CLANG_WARN_ENUM_CONVERSION = YES;
				CLANG_WARN_INFINITE_RECURSION = YES;
				CLANG_WARN_INT_CONVERSION = YES;
				CLANG_WARN_NON_LITERAL_NULL_CONVERSION = YES;
				CLANG_WARN_OBJC_IMPLICIT_RETAIN_SELF = YES;
				CLANG_WARN_OBJC_LITERAL_CONVERSION = YES;
				CLANG_WARN_OBJC_ROOT_CLASS = YES_ERROR;
				CLANG_WARN_QUOTED_INCLUDE_IN_FRAMEWORK_HEADER = YES;
				CLANG_WARN_RANGE_LOOP_ANALYSIS = YES;
				CLANG_WARN_STRICT_PROTOTYPES = YES;
				CLANG_WARN_SUSPICIOUS_MOVE = YES;
				CLANG_WARN_UNGUARDED_AVAILABILITY = YES_AGGRESSIVE;
				CLANG_WARN_UNREACHABLE_CODE = YES;
				CLANG_WARN__DUPLICATE_METHOD_MATCH = YES;
				COPY_PHASE_STRIP = NO;
				DEBUG_INFORMATION_FORMAT = dwarf;
				ENABLE_STRICT_OBJC_MSGSEND = YES;
				ENABLE_TESTABILITY = YES;
				GCC_C_LANGUAGE_STANDARD = gnu11;
				GCC_DYNAMIC_NO_PIC = NO;
				GCC_NO_COMMON_BLOCKS = YES;
				GCC_OPTIMIZATION_LEVEL = 0;
				GCC_PREPROCESSOR_DEFINITIONS = (
					"DEBUG=1",
					"$(inherited)",
				);
				GCC_WARN_64_TO_32_BIT_CONVERSION = YES;
				GCC_WARN_ABOUT_RETURN_TYPE = YES_ERROR;
				GCC_WARN_UNDECLARED_SELECTOR = YES;
				GCC_WARN_UNINITIALIZED_AUTOS = YES_AGGRESSIVE;
				GCC_WARN_UNUSED_FUNCTION = YES;
				GCC_WARN_UNUSED_VARIABLE = YES;
				IPHONEOS_DEPLOYMENT_TARGET = 14.1;
				MTL_ENABLE_DEBUG_INFO = INCLUDE_SOURCE;
				MTL_FAST_MATH = YES;
				ONLY_ACTIVE_ARCH = YES;
				SDKROOT = iphoneos;
				SWIFT_ACTIVE_COMPILATION_CONDITIONS = DEBUG;
				SWIFT_OPTIMIZATION_LEVEL = "-Onone";
			};
			name = Debug;
		};
		3D67A93D25486433001E392F /* Release */ = {
			isa = XCBuildConfiguration;
			buildSettings = {
				ALWAYS_SEARCH_USER_PATHS = NO;
				CLANG_ANALYZER_NONNULL = YES;
				CLANG_ANALYZER_NUMBER_OBJECT_CONVERSION = YES_AGGRESSIVE;
				CLANG_CXX_LANGUAGE_STANDARD = "gnu++14";
				CLANG_CXX_LIBRARY = "libc++";
				CLANG_ENABLE_MODULES = YES;
				CLANG_ENABLE_OBJC_ARC = YES;
				CLANG_ENABLE_OBJC_WEAK = YES;
				CLANG_WARN_BLOCK_CAPTURE_AUTORELEASING = YES;
				CLANG_WARN_BOOL_CONVERSION = YES;
				CLANG_WARN_COMMA = YES;
				CLANG_WARN_CONSTANT_CONVERSION = YES;
				CLANG_WARN_DEPRECATED_OBJC_IMPLEMENTATIONS = YES;
				CLANG_WARN_DIRECT_OBJC_ISA_USAGE = YES_ERROR;
				CLANG_WARN_DOCUMENTATION_COMMENTS = YES;
				CLANG_WARN_EMPTY_BODY = YES;
				CLANG_WARN_ENUM_CONVERSION = YES;
				CLANG_WARN_INFINITE_RECURSION = YES;
				CLANG_WARN_INT_CONVERSION = YES;
				CLANG_WARN_NON_LITERAL_NULL_CONVERSION = YES;
				CLANG_WARN_OBJC_IMPLICIT_RETAIN_SELF = YES;
				CLANG_WARN_OBJC_LITERAL_CONVERSION = YES;
				CLANG_WARN_OBJC_ROOT_CLASS = YES_ERROR;
				CLANG_WARN_QUOTED_INCLUDE_IN_FRAMEWORK_HEADER = YES;
				CLANG_WARN_RANGE_LOOP_ANALYSIS = YES;
				CLANG_WARN_STRICT_PROTOTYPES = YES;
				CLANG_WARN_SUSPICIOUS_MOVE = YES;
				CLANG_WARN_UNGUARDED_AVAILABILITY = YES_AGGRESSIVE;
				CLANG_WARN_UNREACHABLE_CODE = YES;
				CLANG_WARN__DUPLICATE_METHOD_MATCH = YES;
				COPY_PHASE_STRIP = NO;
				DEBUG_INFORMATION_FORMAT = "dwarf-with-dsym";
				ENABLE_NS_ASSERTIONS = NO;
				ENABLE_STRICT_OBJC_MSGSEND = YES;
				GCC_C_LANGUAGE_STANDARD = gnu11;
				GCC_NO_COMMON_BLOCKS = YES;
				GCC_WARN_64_TO_32_BIT_CONVERSION = YES;
				GCC_WARN_ABOUT_RETURN_TYPE = YES_ERROR;
				GCC_WARN_UNDECLARED_SELECTOR = YES;
				GCC_WARN_UNINITIALIZED_AUTOS = YES_AGGRESSIVE;
				GCC_WARN_UNUSED_FUNCTION = YES;
				GCC_WARN_UNUSED_VARIABLE = YES;
				IPHONEOS_DEPLOYMENT_TARGET = 14.1;
				MTL_ENABLE_DEBUG_INFO = NO;
				MTL_FAST_MATH = YES;
				SDKROOT = iphoneos;
				SWIFT_COMPILATION_MODE = wholemodule;
				SWIFT_OPTIMIZATION_LEVEL = "-O";
				VALIDATE_PRODUCT = YES;
			};
			name = Release;
		};
		3D67A93F25486433001E392F /* Debug */ = {
			isa = XCBuildConfiguration;
			buildSettings = {
				ASSETCATALOG_COMPILER_APPICON_NAME = AppIcon;
				ASSETCATALOG_COMPILER_GLOBAL_ACCENT_COLOR_NAME = AccentColor;
				CODE_SIGN_IDENTITY = "Apple Development";
				CODE_SIGN_STYLE = Automatic;
				CURRENT_PROJECT_VERSION = 4;
				DEVELOPMENT_TEAM = KXDT64LHVB;
				INFOPLIST_FILE = Project/Info.plist;
				IPHONEOS_DEPLOYMENT_TARGET = 13.0;
				LD_RUNPATH_SEARCH_PATHS = (
					"$(inherited)",
					"@executable_path/Frameworks",
				);
				PRODUCT_BUNDLE_IDENTIFIER = "Sergey-Fedotov.Project";
				PRODUCT_NAME = "$(TARGET_NAME)";
				PROVISIONING_PROFILE_SPECIFIER = "";
				SWIFT_VERSION = 5.0;
				TARGETED_DEVICE_FAMILY = "1,2";
			};
			name = Debug;
		};
		3D67A94025486433001E392F /* Release */ = {
			isa = XCBuildConfiguration;
			buildSettings = {
				ASSETCATALOG_COMPILER_APPICON_NAME = AppIcon;
				ASSETCATALOG_COMPILER_GLOBAL_ACCENT_COLOR_NAME = AccentColor;
				CODE_SIGN_IDENTITY = "Apple Development";
				CODE_SIGN_STYLE = Automatic;
				CURRENT_PROJECT_VERSION = 4;
				DEVELOPMENT_TEAM = KXDT64LHVB;
				INFOPLIST_FILE = Project/Info.plist;
				IPHONEOS_DEPLOYMENT_TARGET = 13.0;
				LD_RUNPATH_SEARCH_PATHS = (
					"$(inherited)",
					"@executable_path/Frameworks",
				);
				PRODUCT_BUNDLE_IDENTIFIER = "Sergey-Fedotov.Project";
				PRODUCT_NAME = "$(TARGET_NAME)";
				PROVISIONING_PROFILE_SPECIFIER = "";
				SWIFT_VERSION = 5.0;
				TARGETED_DEVICE_FAMILY = "1,2";
			};
			name = Release;
		};
		3D67A94225486433001E392F /* Debug */ = {
			isa = XCBuildConfiguration;
			buildSettings = {
				ALWAYS_EMBED_SWIFT_STANDARD_LIBRARIES = YES;
				BUNDLE_LOADER = "$(TEST_HOST)";
				CODE_SIGN_STYLE = Automatic;
				DEVELOPMENT_TEAM = KXDT64LHVB;
				INFOPLIST_FILE = ProjectTests/Info.plist;
				IPHONEOS_DEPLOYMENT_TARGET = 14.1;
				LD_RUNPATH_SEARCH_PATHS = (
					"$(inherited)",
					"@executable_path/Frameworks",
					"@loader_path/Frameworks",
				);
				PRODUCT_BUNDLE_IDENTIFIER = "Sergey-Fedotov.ProjectTests";
				PRODUCT_NAME = "$(TARGET_NAME)";
				SWIFT_VERSION = 5.0;
				TARGETED_DEVICE_FAMILY = "1,2";
				TEST_HOST = "$(BUILT_PRODUCTS_DIR)/Project.app/Project";
			};
			name = Debug;
		};
		3D67A94325486433001E392F /* Release */ = {
			isa = XCBuildConfiguration;
			buildSettings = {
				ALWAYS_EMBED_SWIFT_STANDARD_LIBRARIES = YES;
				BUNDLE_LOADER = "$(TEST_HOST)";
				CODE_SIGN_STYLE = Automatic;
				DEVELOPMENT_TEAM = KXDT64LHVB;
				INFOPLIST_FILE = ProjectTests/Info.plist;
				IPHONEOS_DEPLOYMENT_TARGET = 14.1;
				LD_RUNPATH_SEARCH_PATHS = (
					"$(inherited)",
					"@executable_path/Frameworks",
					"@loader_path/Frameworks",
				);
				PRODUCT_BUNDLE_IDENTIFIER = "Sergey-Fedotov.ProjectTests";
				PRODUCT_NAME = "$(TARGET_NAME)";
				SWIFT_VERSION = 5.0;
				TARGETED_DEVICE_FAMILY = "1,2";
				TEST_HOST = "$(BUILT_PRODUCTS_DIR)/Project.app/Project";
			};
			name = Release;
		};
		3D67A94525486433001E392F /* Debug */ = {
			isa = XCBuildConfiguration;
			buildSettings = {
				ALWAYS_EMBED_SWIFT_STANDARD_LIBRARIES = YES;
				CODE_SIGN_STYLE = Automatic;
				DEVELOPMENT_TEAM = KXDT64LHVB;
				INFOPLIST_FILE = ProjectUITests/Info.plist;
				LD_RUNPATH_SEARCH_PATHS = (
					"$(inherited)",
					"@executable_path/Frameworks",
					"@loader_path/Frameworks",
				);
				PRODUCT_BUNDLE_IDENTIFIER = "Sergey-Fedotov.ProjectUITests";
				PRODUCT_NAME = "$(TARGET_NAME)";
				SWIFT_VERSION = 5.0;
				TARGETED_DEVICE_FAMILY = "1,2";
				TEST_TARGET_NAME = Project;
			};
			name = Debug;
		};
		3D67A94625486433001E392F /* Release */ = {
			isa = XCBuildConfiguration;
			buildSettings = {
				ALWAYS_EMBED_SWIFT_STANDARD_LIBRARIES = YES;
				CODE_SIGN_STYLE = Automatic;
				DEVELOPMENT_TEAM = KXDT64LHVB;
				INFOPLIST_FILE = ProjectUITests/Info.plist;
				LD_RUNPATH_SEARCH_PATHS = (
					"$(inherited)",
					"@executable_path/Frameworks",
					"@loader_path/Frameworks",
				);
				PRODUCT_BUNDLE_IDENTIFIER = "Sergey-Fedotov.ProjectUITests";
				PRODUCT_NAME = "$(TARGET_NAME)";
				SWIFT_VERSION = 5.0;
				TARGETED_DEVICE_FAMILY = "1,2";
				TEST_TARGET_NAME = Project;
			};
			name = Release;
		};
/* End XCBuildConfiguration section */

/* Begin XCConfigurationList section */
		3D67A90C25486431001E392F /* Build configuration list for PBXProject "Project" */ = {
			isa = XCConfigurationList;
			buildConfigurations = (
				3D67A93C25486433001E392F /* Debug */,
				3D67A93D25486433001E392F /* Release */,
			);
			defaultConfigurationIsVisible = 0;
			defaultConfigurationName = Release;
		};
		3D67A93E25486433001E392F /* Build configuration list for PBXNativeTarget "Project" */ = {
			isa = XCConfigurationList;
			buildConfigurations = (
				3D67A93F25486433001E392F /* Debug */,
				3D67A94025486433001E392F /* Release */,
			);
			defaultConfigurationIsVisible = 0;
			defaultConfigurationName = Release;
		};
		3D67A94125486433001E392F /* Build configuration list for PBXNativeTarget "ProjectTests" */ = {
			isa = XCConfigurationList;
			buildConfigurations = (
				3D67A94225486433001E392F /* Debug */,
				3D67A94325486433001E392F /* Release */,
			);
			defaultConfigurationIsVisible = 0;
			defaultConfigurationName = Release;
		};
		3D67A94425486433001E392F /* Build configuration list for PBXNativeTarget "ProjectUITests" */ = {
			isa = XCConfigurationList;
			buildConfigurations = (
				3D67A94525486433001E392F /* Debug */,
				3D67A94625486433001E392F /* Release */,
			);
			defaultConfigurationIsVisible = 0;
			defaultConfigurationName = Release;
		};
/* End XCConfigurationList section */

/* Begin XCVersionGroup section */
		3D67A91D25486431001E392F /* Project.xcdatamodeld */ = {
			isa = XCVersionGroup;
			children = (
				3D67A91E25486431001E392F /* Project.xcdatamodel */,
			);
			currentVersion = 3D67A91E25486431001E392F /* Project.xcdatamodel */;
			path = Project.xcdatamodeld;
			sourceTree = "<group>";
			versionGroupType = wrapper.xcdatamodel;
		};
/* End XCVersionGroup section */
	};
	rootObject = 3D67A90925486431001E392F /* Project object */;
}
