PODS:
  - EGOCache (2.2.0)
  - FontAwesome.swift (1.9.0)
  - Nuke (9.1.2)
  - SimpleImageViewer (1.1.1)

DEPENDENCIES:
  - EGOCache (~> 2.2.0)
  - FontAwesome.swift
  - Nuke
  - SimpleImageViewer (~> 1.1.1)

SPEC REPOS:
  trunk:
    - EGOCache
    - FontAwesome.swift
    - Nuke
    - SimpleImageViewer

SPEC CHECKSUMS:
  EGOCache: 191fd213da6804d487b49b1a91772ba904f3e324
  FontAwesome.swift: a403b88cec950511745ba8f2decd1b6a07346d13
  Nuke: dd2e6be6a34c042a7861e190632781d11f253026
  SimpleImageViewer: 34c3a2cde2d9ac022146772cefc27fca14b0c8b1

PODFILE CHECKSUM: 8d9aec395a963bf589f4994c9b81865a90825537

COCOAPODS: 1.10.0
